// !$*UTF8*$!
{
	archiveVersion = 1;
	classes = {
	};
	objectVersion = 46;
	objects = {

/* Begin PBXBuildFile section */
		5D29D14B40B384F14AEF67FB /* libPods-ChatKit-OC.a in Frameworks */ = {isa = PBXBuildFile; fileRef = 22BD12010D514C847BA7FC61 /* libPods-ChatKit-OC.a */; };
		9A2669C81D6DA89100B66545 /* LCCKInputViewPluginConversationBackground.m in Sources */ = {isa = PBXBuildFile; fileRef = 9A2669B81D6DA89100B66545 /* LCCKInputViewPluginConversationBackground.m */; };
		9A2669C91D6DA89100B66545 /* LCCKVCardMessage.m in Sources */ = {isa = PBXBuildFile; fileRef = 9A2669BD1D6DA89100B66545 /* LCCKVCardMessage.m */; };
		9A2669CA1D6DA89100B66545 /* calling_card_bg@2x.png in Resources */ = {isa = PBXBuildFile; fileRef = 9A2669BF1D6DA89100B66545 /* calling_card_bg@2x.png */; };
		9A2669CB1D6DA89100B66545 /* LCCKInputViewPluginVCard.m in Sources */ = {isa = PBXBuildFile; fileRef = 9A2669C21D6DA89100B66545 /* LCCKInputViewPluginVCard.m */; };
		9A2669CC1D6DA89100B66545 /* LCCKVCardMessageCell.m in Sources */ = {isa = PBXBuildFile; fileRef = 9A2669C41D6DA89100B66545 /* LCCKVCardMessageCell.m */; };
		9A2669CD1D6DA89100B66545 /* LCCKVCardView.m in Sources */ = {isa = PBXBuildFile; fileRef = 9A2669C61D6DA89100B66545 /* LCCKVCardView.m */; };
		9A2669CE1D6DA89100B66545 /* LCCKVCardView.xib in Resources */ = {isa = PBXBuildFile; fileRef = 9A2669C71D6DA89100B66545 /* LCCKVCardView.xib */; };
		9A4730611CECAEC500AEB86F /* AppDelegate.m in Sources */ = {isa = PBXBuildFile; fileRef = 9A47302A1CECAEC500AEB86F /* AppDelegate.m */; };
		9A4730621CECAEC500AEB86F /* LCCKUser.m in Sources */ = {isa = PBXBuildFile; fileRef = 9A47302E1CECAEC500AEB86F /* LCCKUser.m */; };
		9A4730671CECAEC500AEB86F /* LCCKLoginViewController.m in Sources */ = {isa = PBXBuildFile; fileRef = 9A47303E1CECAEC500AEB86F /* LCCKLoginViewController.m */; };
		9A4730681CECAEC500AEB86F /* LCCKLoginViewController.xib in Resources */ = {isa = PBXBuildFile; fileRef = 9A47303F1CECAEC500AEB86F /* LCCKLoginViewController.xib */; };
		9A4730691CECAEC500AEB86F /* DEMOCustomAutoCompleteObject.m in Sources */ = {isa = PBXBuildFile; fileRef = 9A4730421CECAEC500AEB86F /* DEMOCustomAutoCompleteObject.m */; };
		9A47306A1CECAEC500AEB86F /* DEMODataSource.m in Sources */ = {isa = PBXBuildFile; fileRef = 9A4730441CECAEC500AEB86F /* DEMODataSource.m */; };
		9A47306B1CECAEC500AEB86F /* LCCKLoginDataSource.m in Sources */ = {isa = PBXBuildFile; fileRef = 9A4730461CECAEC500AEB86F /* LCCKLoginDataSource.m */; };
		9A47306C1CECAEC500AEB86F /* LCCKMapViewController.m in Sources */ = {isa = PBXBuildFile; fileRef = 9A47304B1CECAEC500AEB86F /* LCCKMapViewController.m */; };
		9A47306E1CECAEC500AEB86F /* LCCKUtil.m in Sources */ = {isa = PBXBuildFile; fileRef = 9A4730501CECAEC500AEB86F /* LCCKUtil.m */; };
		9A47306F1CECAEC500AEB86F /* LCCKPlusButtonSubclass.m in Sources */ = {isa = PBXBuildFile; fileRef = 9A4730531CECAEC500AEB86F /* LCCKPlusButtonSubclass.m */; };
		9A4730701CECAEC500AEB86F /* Assets.xcassets in Resources */ = {isa = PBXBuildFile; fileRef = 9A4730551CECAEC500AEB86F /* Assets.xcassets */; };
		9A4730711CECAEC500AEB86F /* LaunchScreen.storyboard in Resources */ = {isa = PBXBuildFile; fileRef = 9A4730561CECAEC500AEB86F /* LaunchScreen.storyboard */; };
		9A4730731CECAEC500AEB86F /* main.m in Sources */ = {isa = PBXBuildFile; fileRef = 9A4730591CECAEC500AEB86F /* main.m */; };
		9A4730751CECAEC500AEB86F /* NSObject+LCCKHUD.m in Sources */ = {isa = PBXBuildFile; fileRef = 9A47305E1CECAEC500AEB86F /* NSObject+LCCKHUD.m */; };
		9A4730761CECAEC500AEB86F /* LCCKTabBarControllerConfig.m in Sources */ = {isa = PBXBuildFile; fileRef = 9A4730601CECAEC500AEB86F /* LCCKTabBarControllerConfig.m */; };
		9A7E2DE91D5F1040003A7312 /* LCCKContactManager.m in Sources */ = {isa = PBXBuildFile; fileRef = 9A7E2DE81D5F1040003A7312 /* LCCKContactManager.m */; };
		9AD665CC1D2277830040A4E3 /* SystemConfiguration.framework in Frameworks */ = {isa = PBXBuildFile; fileRef = 9A0B721B1CED662D004FDACC /* SystemConfiguration.framework */; };
		9AD665CD1D22778B0040A4E3 /* MobileCoreServices.framework in Frameworks */ = {isa = PBXBuildFile; fileRef = 9A0B721D1CED6637004FDACC /* MobileCoreServices.framework */; };
		9AD665CE1D2277920040A4E3 /* CoreTelephony.framework in Frameworks */ = {isa = PBXBuildFile; fileRef = 9A0B721F1CED6644004FDACC /* CoreTelephony.framework */; };
		9AD665CF1D22779A0040A4E3 /* CoreLocation.framework in Frameworks */ = {isa = PBXBuildFile; fileRef = 9A0B72211CED664D004FDACC /* CoreLocation.framework */; };
		E700C7171D7193AB00056E3C /* AppDelegate+RedPacket.m in Sources */ = {isa = PBXBuildFile; fileRef = E700C6F71D7193AB00056E3C /* AppDelegate+RedPacket.m */; };
		E700C7181D7193AB00056E3C /* AVIMTypedMessageRedPacket.m in Sources */ = {isa = PBXBuildFile; fileRef = E700C6F91D7193AB00056E3C /* AVIMTypedMessageRedPacket.m */; };
		E700C7191D7193AB00056E3C /* AVIMTypedMessageRedPacketTaken.m in Sources */ = {isa = PBXBuildFile; fileRef = E700C6FB1D7193AB00056E3C /* AVIMTypedMessageRedPacketTaken.m */; };
		E700C71A1D7193AB00056E3C /* RedpacketCellResource.bundle in Resources */ = {isa = PBXBuildFile; fileRef = E700C6FC1D7193AB00056E3C /* RedpacketCellResource.bundle */; };
		E700C71B1D7193AB00056E3C /* RedpacketConfig.m in Sources */ = {isa = PBXBuildFile; fileRef = E700C6FE1D7193AB00056E3C /* RedpacketConfig.m */; };
		E700C71D1D7193AB00056E3C /* RedPacketInputViewPlugin.m in Sources */ = {isa = PBXBuildFile; fileRef = E700C7021D7193AB00056E3C /* RedPacketInputViewPlugin.m */; };
		E700C71E1D7193AB00056E3C /* RedpacketMessageCell.m in Sources */ = {isa = PBXBuildFile; fileRef = E700C7041D7193AB00056E3C /* RedpacketMessageCell.m */; };
		E700C71F1D7193AB00056E3C /* RedpacketTakenMessageCell.m in Sources */ = {isa = PBXBuildFile; fileRef = E700C7061D7193AB00056E3C /* RedpacketTakenMessageCell.m */; };
		E7302D811D81117700E8CDDE /* LCChatKitExample.m in Sources */ = {isa = PBXBuildFile; fileRef = E7302D7E1D81117700E8CDDE /* LCChatKitExample.m */; };
		E7302D821D81117700E8CDDE /* LCChatKitExample+Setting.m in Sources */ = {isa = PBXBuildFile; fileRef = E7302D801D81117700E8CDDE /* LCChatKitExample+Setting.m */; };
		E7302DAE1D829A1000E8CDDE /* RedPacketChangeInputViewPlugin.m in Sources */ = {isa = PBXBuildFile; fileRef = E7302DAD1D829A1000E8CDDE /* RedPacketChangeInputViewPlugin.m */; };
		E7586C4F1D630681000C18B4 /* CoreMotion.framework in Frameworks */ = {isa = PBXBuildFile; fileRef = E7586C4E1D630681000C18B4 /* CoreMotion.framework */; };
		E75E22151D78284A005F6F8D /* AlipaySDK.a in Frameworks */ = {isa = PBXBuildFile; fileRef = E75E21BB1D78284A005F6F8D /* AlipaySDK.a */; };
		E75E22161D78284A005F6F8D /* AlipaySDK.bundle in Resources */ = {isa = PBXBuildFile; fileRef = E75E21BE1D78284A005F6F8D /* AlipaySDK.bundle */; };
		E75E22171D78284A005F6F8D /* libRedpacketLib.a in Frameworks */ = {isa = PBXBuildFile; fileRef = E75E21C01D78284A005F6F8D /* libRedpacketLib.a */; };
		E75E22561D78284A005F6F8D /* RedPacketResource.bundle in Resources */ = {isa = PBXBuildFile; fileRef = E75E22041D78284A005F6F8D /* RedPacketResource.bundle */; };
/* End PBXBuildFile section */

/* Begin PBXCopyFilesBuildPhase section */
		9A1AD17B1CEDE640000FF26E /* Embed Frameworks */ = {
			isa = PBXCopyFilesBuildPhase;
			buildActionMask = 2147483647;
			dstPath = "";
			dstSubfolderSpec = 10;
			files = (
			);
			name = "Embed Frameworks";
			runOnlyForDeploymentPostprocessing = 0;
		};
/* End PBXCopyFilesBuildPhase section */

/* Begin PBXFileReference section */
		154945A33B10139C70F5F077 /* Pods-ChatKit-OC.release.xcconfig */ = {isa = PBXFileReference; includeInIndex = 1; lastKnownFileType = text.xcconfig; name = "Pods-ChatKit-OC.release.xcconfig"; path = "Pods/Target Support Files/Pods-ChatKit-OC/Pods-ChatKit-OC.release.xcconfig"; sourceTree = "<group>"; };
		22BD12010D514C847BA7FC61 /* libPods-ChatKit-OC.a */ = {isa = PBXFileReference; explicitFileType = archive.ar; includeInIndex = 0; path = "libPods-ChatKit-OC.a"; sourceTree = BUILT_PRODUCTS_DIR; };
		2CAFBFA5C96378C343A25F5B /* Pods-ChatKit-OC.debug.xcconfig */ = {isa = PBXFileReference; includeInIndex = 1; lastKnownFileType = text.xcconfig; name = "Pods-ChatKit-OC.debug.xcconfig"; path = "Pods/Target Support Files/Pods-ChatKit-OC/Pods-ChatKit-OC.debug.xcconfig"; sourceTree = "<group>"; };
		67C93A87F6B56BE4939A1E34 /* Pods-ChatKit-OC.debug.xcconfig */ = {isa = PBXFileReference; includeInIndex = 1; lastKnownFileType = text.xcconfig; name = "Pods-ChatKit-OC.debug.xcconfig"; path = "Pods/Target Support Files/Pods-ChatKit-OC/Pods-ChatKit-OC.debug.xcconfig"; sourceTree = "<group>"; };
		9A0B721B1CED662D004FDACC /* SystemConfiguration.framework */ = {isa = PBXFileReference; lastKnownFileType = wrapper.framework; name = SystemConfiguration.framework; path = System/Library/Frameworks/SystemConfiguration.framework; sourceTree = SDKROOT; };
		9A0B721D1CED6637004FDACC /* MobileCoreServices.framework */ = {isa = PBXFileReference; lastKnownFileType = wrapper.framework; name = MobileCoreServices.framework; path = System/Library/Frameworks/MobileCoreServices.framework; sourceTree = SDKROOT; };
		9A0B721F1CED6644004FDACC /* CoreTelephony.framework */ = {isa = PBXFileReference; lastKnownFileType = wrapper.framework; name = CoreTelephony.framework; path = System/Library/Frameworks/CoreTelephony.framework; sourceTree = SDKROOT; };
		9A0B72211CED664D004FDACC /* CoreLocation.framework */ = {isa = PBXFileReference; lastKnownFileType = wrapper.framework; name = CoreLocation.framework; path = System/Library/Frameworks/CoreLocation.framework; sourceTree = SDKROOT; };
		9A2669B71D6DA89100B66545 /* LCCKInputViewPluginConversationBackground.h */ = {isa = PBXFileReference; fileEncoding = 4; lastKnownFileType = sourcecode.c.h; path = LCCKInputViewPluginConversationBackground.h; sourceTree = "<group>"; };
		9A2669B81D6DA89100B66545 /* LCCKInputViewPluginConversationBackground.m */ = {isa = PBXFileReference; fileEncoding = 4; lastKnownFileType = sourcecode.c.objc; path = LCCKInputViewPluginConversationBackground.m; sourceTree = "<group>"; };
		9A2669BC1D6DA89100B66545 /* LCCKVCardMessage.h */ = {isa = PBXFileReference; fileEncoding = 4; lastKnownFileType = sourcecode.c.h; path = LCCKVCardMessage.h; sourceTree = "<group>"; };
		9A2669BD1D6DA89100B66545 /* LCCKVCardMessage.m */ = {isa = PBXFileReference; fileEncoding = 4; lastKnownFileType = sourcecode.c.objc; path = LCCKVCardMessage.m; sourceTree = "<group>"; };
		9A2669BF1D6DA89100B66545 /* calling_card_bg@2x.png */ = {isa = PBXFileReference; lastKnownFileType = image.png; path = "calling_card_bg@2x.png"; sourceTree = "<group>"; };
		9A2669C11D6DA89100B66545 /* LCCKInputViewPluginVCard.h */ = {isa = PBXFileReference; fileEncoding = 4; lastKnownFileType = sourcecode.c.h; path = LCCKInputViewPluginVCard.h; sourceTree = "<group>"; };
		9A2669C21D6DA89100B66545 /* LCCKInputViewPluginVCard.m */ = {isa = PBXFileReference; fileEncoding = 4; lastKnownFileType = sourcecode.c.objc; path = LCCKInputViewPluginVCard.m; sourceTree = "<group>"; };
		9A2669C31D6DA89100B66545 /* LCCKVCardMessageCell.h */ = {isa = PBXFileReference; fileEncoding = 4; lastKnownFileType = sourcecode.c.h; path = LCCKVCardMessageCell.h; sourceTree = "<group>"; };
		9A2669C41D6DA89100B66545 /* LCCKVCardMessageCell.m */ = {isa = PBXFileReference; fileEncoding = 4; lastKnownFileType = sourcecode.c.objc; path = LCCKVCardMessageCell.m; sourceTree = "<group>"; };
		9A2669C51D6DA89100B66545 /* LCCKVCardView.h */ = {isa = PBXFileReference; fileEncoding = 4; lastKnownFileType = sourcecode.c.h; path = LCCKVCardView.h; sourceTree = "<group>"; };
		9A2669C61D6DA89100B66545 /* LCCKVCardView.m */ = {isa = PBXFileReference; fileEncoding = 4; lastKnownFileType = sourcecode.c.objc; path = LCCKVCardView.m; sourceTree = "<group>"; };
		9A2669C71D6DA89100B66545 /* LCCKVCardView.xib */ = {isa = PBXFileReference; fileEncoding = 4; lastKnownFileType = file.xib; path = LCCKVCardView.xib; sourceTree = "<group>"; };
		9A4730291CECAEC500AEB86F /* AppDelegate.h */ = {isa = PBXFileReference; fileEncoding = 4; lastKnownFileType = sourcecode.c.h; path = AppDelegate.h; sourceTree = "<group>"; };
		9A47302A1CECAEC500AEB86F /* AppDelegate.m */ = {isa = PBXFileReference; fileEncoding = 4; lastKnownFileType = sourcecode.c.objc; path = AppDelegate.m; sourceTree = "<group>"; };
		9A47302D1CECAEC500AEB86F /* LCCKUser.h */ = {isa = PBXFileReference; fileEncoding = 4; lastKnownFileType = sourcecode.c.h; path = LCCKUser.h; sourceTree = "<group>"; };
		9A47302E1CECAEC500AEB86F /* LCCKUser.m */ = {isa = PBXFileReference; fileEncoding = 4; lastKnownFileType = sourcecode.c.objc; path = LCCKUser.m; sourceTree = "<group>"; };
		9A47303D1CECAEC500AEB86F /* LCCKLoginViewController.h */ = {isa = PBXFileReference; fileEncoding = 4; lastKnownFileType = sourcecode.c.h; path = LCCKLoginViewController.h; sourceTree = "<group>"; };
		9A47303E1CECAEC500AEB86F /* LCCKLoginViewController.m */ = {isa = PBXFileReference; fileEncoding = 4; lastKnownFileType = sourcecode.c.objc; path = LCCKLoginViewController.m; sourceTree = "<group>"; };
		9A47303F1CECAEC500AEB86F /* LCCKLoginViewController.xib */ = {isa = PBXFileReference; fileEncoding = 4; lastKnownFileType = file.xib; path = LCCKLoginViewController.xib; sourceTree = "<group>"; };
		9A4730411CECAEC500AEB86F /* DEMOCustomAutoCompleteObject.h */ = {isa = PBXFileReference; fileEncoding = 4; lastKnownFileType = sourcecode.c.h; path = DEMOCustomAutoCompleteObject.h; sourceTree = "<group>"; };
		9A4730421CECAEC500AEB86F /* DEMOCustomAutoCompleteObject.m */ = {isa = PBXFileReference; fileEncoding = 4; lastKnownFileType = sourcecode.c.objc; path = DEMOCustomAutoCompleteObject.m; sourceTree = "<group>"; };
		9A4730431CECAEC500AEB86F /* DEMODataSource.h */ = {isa = PBXFileReference; fileEncoding = 4; lastKnownFileType = sourcecode.c.h; path = DEMODataSource.h; sourceTree = "<group>"; };
		9A4730441CECAEC500AEB86F /* DEMODataSource.m */ = {isa = PBXFileReference; fileEncoding = 4; lastKnownFileType = sourcecode.c.objc; path = DEMODataSource.m; sourceTree = "<group>"; };
		9A4730451CECAEC500AEB86F /* LCCKLoginDataSource.h */ = {isa = PBXFileReference; fileEncoding = 4; lastKnownFileType = sourcecode.c.h; path = LCCKLoginDataSource.h; sourceTree = "<group>"; };
		9A4730461CECAEC500AEB86F /* LCCKLoginDataSource.m */ = {isa = PBXFileReference; fileEncoding = 4; lastKnownFileType = sourcecode.c.objc; path = LCCKLoginDataSource.m; sourceTree = "<group>"; };
		9A47304A1CECAEC500AEB86F /* LCCKMapViewController.h */ = {isa = PBXFileReference; fileEncoding = 4; lastKnownFileType = sourcecode.c.h; path = LCCKMapViewController.h; sourceTree = "<group>"; };
		9A47304B1CECAEC500AEB86F /* LCCKMapViewController.m */ = {isa = PBXFileReference; fileEncoding = 4; lastKnownFileType = sourcecode.c.objc; path = LCCKMapViewController.m; sourceTree = "<group>"; };
		9A47304E1CECAEC500AEB86F /* LCCKConstantsDefinition.h */ = {isa = PBXFileReference; fileEncoding = 4; lastKnownFileType = sourcecode.c.h; path = LCCKConstantsDefinition.h; sourceTree = "<group>"; };
		9A47304F1CECAEC500AEB86F /* LCCKUtil.h */ = {isa = PBXFileReference; fileEncoding = 4; lastKnownFileType = sourcecode.c.h; path = LCCKUtil.h; sourceTree = "<group>"; };
		9A4730501CECAEC500AEB86F /* LCCKUtil.m */ = {isa = PBXFileReference; fileEncoding = 4; lastKnownFileType = sourcecode.c.objc; path = LCCKUtil.m; sourceTree = "<group>"; };
		9A4730521CECAEC500AEB86F /* LCCKPlusButtonSubclass.h */ = {isa = PBXFileReference; fileEncoding = 4; lastKnownFileType = sourcecode.c.h; path = LCCKPlusButtonSubclass.h; sourceTree = "<group>"; };
		9A4730531CECAEC500AEB86F /* LCCKPlusButtonSubclass.m */ = {isa = PBXFileReference; fileEncoding = 4; lastKnownFileType = sourcecode.c.objc; path = LCCKPlusButtonSubclass.m; sourceTree = "<group>"; };
		9A4730551CECAEC500AEB86F /* Assets.xcassets */ = {isa = PBXFileReference; lastKnownFileType = folder.assetcatalog; path = Assets.xcassets; sourceTree = "<group>"; };
		9A4730571CECAEC500AEB86F /* Base */ = {isa = PBXFileReference; lastKnownFileType = file.storyboard; name = Base; path = Base.lproj/LaunchScreen.storyboard; sourceTree = "<group>"; };
		9A4730581CECAEC500AEB86F /* Info.plist */ = {isa = PBXFileReference; fileEncoding = 4; lastKnownFileType = text.plist.xml; path = Info.plist; sourceTree = "<group>"; };
		9A4730591CECAEC500AEB86F /* main.m */ = {isa = PBXFileReference; fileEncoding = 4; lastKnownFileType = sourcecode.c.objc; path = main.m; sourceTree = "<group>"; };
		9A47305D1CECAEC500AEB86F /* NSObject+LCCKHUD.h */ = {isa = PBXFileReference; fileEncoding = 4; lastKnownFileType = sourcecode.c.h; path = "NSObject+LCCKHUD.h"; sourceTree = "<group>"; };
		9A47305E1CECAEC500AEB86F /* NSObject+LCCKHUD.m */ = {isa = PBXFileReference; fileEncoding = 4; lastKnownFileType = sourcecode.c.objc; path = "NSObject+LCCKHUD.m"; sourceTree = "<group>"; };
		9A47305F1CECAEC500AEB86F /* LCCKTabBarControllerConfig.h */ = {isa = PBXFileReference; fileEncoding = 4; lastKnownFileType = sourcecode.c.h; path = LCCKTabBarControllerConfig.h; sourceTree = "<group>"; };
		9A4730601CECAEC500AEB86F /* LCCKTabBarControllerConfig.m */ = {isa = PBXFileReference; fileEncoding = 4; lastKnownFileType = sourcecode.c.objc; path = LCCKTabBarControllerConfig.m; sourceTree = "<group>"; };
		9A754D4B1CECAC3E000967F1 /* ChatKit-OC.app */ = {isa = PBXFileReference; explicitFileType = wrapper.application; includeInIndex = 0; path = "ChatKit-OC.app"; sourceTree = BUILT_PRODUCTS_DIR; };
		9A7E2DE61D5F0B59003A7312 /* LCCKExampleConstants.h */ = {isa = PBXFileReference; fileEncoding = 4; lastKnownFileType = sourcecode.c.h; path = LCCKExampleConstants.h; sourceTree = "<group>"; };
		9A7E2DE71D5F1040003A7312 /* LCCKContactManager.h */ = {isa = PBXFileReference; fileEncoding = 4; lastKnownFileType = sourcecode.c.h; path = LCCKContactManager.h; sourceTree = "<group>"; };
		9A7E2DE81D5F1040003A7312 /* LCCKContactManager.m */ = {isa = PBXFileReference; fileEncoding = 4; lastKnownFileType = sourcecode.c.objc; path = LCCKContactManager.m; sourceTree = "<group>"; };
		9AAFE6571D48C863004A0309 /* zh-Hans-CN */ = {isa = PBXFileReference; lastKnownFileType = text.plist.strings; name = "zh-Hans-CN"; path = "zh-Hans-CN.lproj/LaunchScreen.strings"; sourceTree = "<group>"; };
		E519B8F873AC1DDD1A5C1645 /* Pods-ChatKit-OC.release.xcconfig */ = {isa = PBXFileReference; includeInIndex = 1; lastKnownFileType = text.xcconfig; name = "Pods-ChatKit-OC.release.xcconfig"; path = "Pods/Target Support Files/Pods-ChatKit-OC/Pods-ChatKit-OC.release.xcconfig"; sourceTree = "<group>"; };
		E700C6F61D7193AB00056E3C /* AppDelegate+RedPacket.h */ = {isa = PBXFileReference; fileEncoding = 4; lastKnownFileType = sourcecode.c.h; path = "AppDelegate+RedPacket.h"; sourceTree = "<group>"; };
		E700C6F71D7193AB00056E3C /* AppDelegate+RedPacket.m */ = {isa = PBXFileReference; fileEncoding = 4; lastKnownFileType = sourcecode.c.objc; path = "AppDelegate+RedPacket.m"; sourceTree = "<group>"; };
		E700C6F81D7193AB00056E3C /* AVIMTypedMessageRedPacket.h */ = {isa = PBXFileReference; fileEncoding = 4; lastKnownFileType = sourcecode.c.h; path = AVIMTypedMessageRedPacket.h; sourceTree = "<group>"; };
		E700C6F91D7193AB00056E3C /* AVIMTypedMessageRedPacket.m */ = {isa = PBXFileReference; fileEncoding = 4; lastKnownFileType = sourcecode.c.objc; path = AVIMTypedMessageRedPacket.m; sourceTree = "<group>"; };
		E700C6FA1D7193AB00056E3C /* AVIMTypedMessageRedPacketTaken.h */ = {isa = PBXFileReference; fileEncoding = 4; lastKnownFileType = sourcecode.c.h; path = AVIMTypedMessageRedPacketTaken.h; sourceTree = "<group>"; };
		E700C6FB1D7193AB00056E3C /* AVIMTypedMessageRedPacketTaken.m */ = {isa = PBXFileReference; fileEncoding = 4; lastKnownFileType = sourcecode.c.objc; path = AVIMTypedMessageRedPacketTaken.m; sourceTree = "<group>"; };
		E700C6FC1D7193AB00056E3C /* RedpacketCellResource.bundle */ = {isa = PBXFileReference; lastKnownFileType = "wrapper.plug-in"; path = RedpacketCellResource.bundle; sourceTree = "<group>"; };
		E700C6FD1D7193AB00056E3C /* RedpacketConfig.h */ = {isa = PBXFileReference; fileEncoding = 4; lastKnownFileType = sourcecode.c.h; path = RedpacketConfig.h; sourceTree = "<group>"; };
		E700C6FE1D7193AB00056E3C /* RedpacketConfig.m */ = {isa = PBXFileReference; fileEncoding = 4; lastKnownFileType = sourcecode.c.objc; path = RedpacketConfig.m; sourceTree = "<group>"; };
		E700C7011D7193AB00056E3C /* RedPacketInputViewPlugin.h */ = {isa = PBXFileReference; fileEncoding = 4; lastKnownFileType = sourcecode.c.h; path = RedPacketInputViewPlugin.h; sourceTree = "<group>"; };
		E700C7021D7193AB00056E3C /* RedPacketInputViewPlugin.m */ = {isa = PBXFileReference; fileEncoding = 4; lastKnownFileType = sourcecode.c.objc; path = RedPacketInputViewPlugin.m; sourceTree = "<group>"; };
		E700C7031D7193AB00056E3C /* RedpacketMessageCell.h */ = {isa = PBXFileReference; fileEncoding = 4; lastKnownFileType = sourcecode.c.h; path = RedpacketMessageCell.h; sourceTree = "<group>"; };
		E700C7041D7193AB00056E3C /* RedpacketMessageCell.m */ = {isa = PBXFileReference; fileEncoding = 4; lastKnownFileType = sourcecode.c.objc; path = RedpacketMessageCell.m; sourceTree = "<group>"; };
		E700C7051D7193AB00056E3C /* RedpacketTakenMessageCell.h */ = {isa = PBXFileReference; fileEncoding = 4; lastKnownFileType = sourcecode.c.h; path = RedpacketTakenMessageCell.h; sourceTree = "<group>"; };
		E700C7061D7193AB00056E3C /* RedpacketTakenMessageCell.m */ = {isa = PBXFileReference; fileEncoding = 4; lastKnownFileType = sourcecode.c.objc; path = RedpacketTakenMessageCell.m; sourceTree = "<group>"; };
		E7302D7D1D81117700E8CDDE /* LCChatKitExample.h */ = {isa = PBXFileReference; fileEncoding = 4; lastKnownFileType = sourcecode.c.h; path = LCChatKitExample.h; sourceTree = "<group>"; };
		E7302D7E1D81117700E8CDDE /* LCChatKitExample.m */ = {isa = PBXFileReference; fileEncoding = 4; lastKnownFileType = sourcecode.c.objc; path = LCChatKitExample.m; sourceTree = "<group>"; };
		E7302D7F1D81117700E8CDDE /* LCChatKitExample+Setting.h */ = {isa = PBXFileReference; fileEncoding = 4; lastKnownFileType = sourcecode.c.h; path = "LCChatKitExample+Setting.h"; sourceTree = "<group>"; };
		E7302D801D81117700E8CDDE /* LCChatKitExample+Setting.m */ = {isa = PBXFileReference; fileEncoding = 4; lastKnownFileType = sourcecode.c.objc; path = "LCChatKitExample+Setting.m"; sourceTree = "<group>"; };
		E7302DAC1D829A1000E8CDDE /* RedPacketChangeInputViewPlugin.h */ = {isa = PBXFileReference; fileEncoding = 4; lastKnownFileType = sourcecode.c.h; path = RedPacketChangeInputViewPlugin.h; sourceTree = "<group>"; };
		E7302DAD1D829A1000E8CDDE /* RedPacketChangeInputViewPlugin.m */ = {isa = PBXFileReference; fileEncoding = 4; lastKnownFileType = sourcecode.c.objc; path = RedPacketChangeInputViewPlugin.m; sourceTree = "<group>"; };
		E7586C4E1D630681000C18B4 /* CoreMotion.framework */ = {isa = PBXFileReference; lastKnownFileType = wrapper.framework; name = CoreMotion.framework; path = System/Library/Frameworks/CoreMotion.framework; sourceTree = SDKROOT; };
		E75E21BB1D78284A005F6F8D /* AlipaySDK.a */ = {isa = PBXFileReference; lastKnownFileType = archive.ar; path = AlipaySDK.a; sourceTree = "<group>"; };
		E75E21BC1D78284A005F6F8D /* AlipaySDK.h */ = {isa = PBXFileReference; fileEncoding = 4; lastKnownFileType = sourcecode.c.h; path = AlipaySDK.h; sourceTree = "<group>"; };
		E75E21BD1D78284A005F6F8D /* APayAuthInfo.h */ = {isa = PBXFileReference; fileEncoding = 4; lastKnownFileType = sourcecode.c.h; path = APayAuthInfo.h; sourceTree = "<group>"; };
		E75E21BE1D78284A005F6F8D /* AlipaySDK.bundle */ = {isa = PBXFileReference; lastKnownFileType = "wrapper.plug-in"; path = AlipaySDK.bundle; sourceTree = "<group>"; };
		E75E21C01D78284A005F6F8D /* libRedpacketLib.a */ = {isa = PBXFileReference; lastKnownFileType = archive.ar; path = libRedpacketLib.a; sourceTree = "<group>"; };
		E75E21C11D78284A005F6F8D /* RedpacketErrorCode.h */ = {isa = PBXFileReference; fileEncoding = 4; lastKnownFileType = sourcecode.c.h; path = RedpacketErrorCode.h; sourceTree = "<group>"; };
		E75E21C21D78284A005F6F8D /* RedpacketMessageModel.h */ = {isa = PBXFileReference; fileEncoding = 4; lastKnownFileType = sourcecode.c.h; path = RedpacketMessageModel.h; sourceTree = "<group>"; };
		E75E21C31D78284A005F6F8D /* RedpacketOpenConst.h */ = {isa = PBXFileReference; fileEncoding = 4; lastKnownFileType = sourcecode.c.h; path = RedpacketOpenConst.h; sourceTree = "<group>"; };
		E75E21C41D78284A005F6F8D /* RedpacketViewControl.h */ = {isa = PBXFileReference; fileEncoding = 4; lastKnownFileType = sourcecode.c.h; path = RedpacketViewControl.h; sourceTree = "<group>"; };
		E75E22041D78284A005F6F8D /* RedPacketResource.bundle */ = {isa = PBXFileReference; lastKnownFileType = "wrapper.plug-in"; path = RedPacketResource.bundle; sourceTree = "<group>"; };
		E75E22131D78284A005F6F8D /* YZHRedpacketBridge.h */ = {isa = PBXFileReference; fileEncoding = 4; lastKnownFileType = sourcecode.c.h; path = YZHRedpacketBridge.h; sourceTree = "<group>"; };
		E75E22141D78284A005F6F8D /* YZHRedpacketBridgeProtocol.h */ = {isa = PBXFileReference; fileEncoding = 4; lastKnownFileType = sourcecode.c.h; path = YZHRedpacketBridgeProtocol.h; sourceTree = "<group>"; };
/* End PBXFileReference section */

/* Begin PBXFrameworksBuildPhase section */
		9A754D481CECAC3E000967F1 /* Frameworks */ = {
			isa = PBXFrameworksBuildPhase;
			buildActionMask = 2147483647;
			files = (
				E7586C4F1D630681000C18B4 /* CoreMotion.framework in Frameworks */,
				9AD665CF1D22779A0040A4E3 /* CoreLocation.framework in Frameworks */,
				9AD665CE1D2277920040A4E3 /* CoreTelephony.framework in Frameworks */,
				E75E22151D78284A005F6F8D /* AlipaySDK.a in Frameworks */,
				9AD665CD1D22778B0040A4E3 /* MobileCoreServices.framework in Frameworks */,
				E75E22171D78284A005F6F8D /* libRedpacketLib.a in Frameworks */,
				9AD665CC1D2277830040A4E3 /* SystemConfiguration.framework in Frameworks */,
				5D29D14B40B384F14AEF67FB /* libPods-ChatKit-OC.a in Frameworks */,
			);
			runOnlyForDeploymentPostprocessing = 0;
		};
/* End PBXFrameworksBuildPhase section */

/* Begin PBXGroup section */
		578A4ED63A7AFF3EA27EF73A /* Frameworks */ = {
			isa = PBXGroup;
			children = (
				E7586C4E1D630681000C18B4 /* CoreMotion.framework */,
				9A0B72211CED664D004FDACC /* CoreLocation.framework */,
				9A0B721F1CED6644004FDACC /* CoreTelephony.framework */,
				9A0B721D1CED6637004FDACC /* MobileCoreServices.framework */,
				9A0B721B1CED662D004FDACC /* SystemConfiguration.framework */,
				22BD12010D514C847BA7FC61 /* libPods-ChatKit-OC.a */,
			);
			name = Frameworks;
			sourceTree = "<group>";
		};
		8A42ACE7FD4924496AFD414D /* Pods */ = {
			isa = PBXGroup;
			children = (
				67C93A87F6B56BE4939A1E34 /* Pods-ChatKit-OC.debug.xcconfig */,
				E519B8F873AC1DDD1A5C1645 /* Pods-ChatKit-OC.release.xcconfig */,
			);
			name = Pods;
			sourceTree = "<group>";
		};
		9A2669B51D6DA89100B66545 /* Customize */ = {
			isa = PBXGroup;
			children = (
				9A2669B61D6DA89100B66545 /* CustomizedConversationBackground */,
				9A2669B91D6DA89100B66545 /* CustomizedMessage */,
			);
			path = Customize;
			sourceTree = "<group>";
		};
		9A2669B61D6DA89100B66545 /* CustomizedConversationBackground */ = {
			isa = PBXGroup;
			children = (
				9A2669B71D6DA89100B66545 /* LCCKInputViewPluginConversationBackground.h */,
				9A2669B81D6DA89100B66545 /* LCCKInputViewPluginConversationBackground.m */,
			);
			path = CustomizedConversationBackground;
			sourceTree = "<group>";
		};
		9A2669B91D6DA89100B66545 /* CustomizedMessage */ = {
			isa = PBXGroup;
			children = (
				9A2669BA1D6DA89100B66545 /* VCardMessage */,
			);
			path = CustomizedMessage;
			sourceTree = "<group>";
		};
		9A2669BA1D6DA89100B66545 /* VCardMessage */ = {
			isa = PBXGroup;
			children = (
				9A2669BB1D6DA89100B66545 /* Model */,
				9A2669BE1D6DA89100B66545 /* Resources */,
				9A2669C01D6DA89100B66545 /* View */,
			);
			path = VCardMessage;
			sourceTree = "<group>";
		};
		9A2669BB1D6DA89100B66545 /* Model */ = {
			isa = PBXGroup;
			children = (
				9A2669BC1D6DA89100B66545 /* LCCKVCardMessage.h */,
				9A2669BD1D6DA89100B66545 /* LCCKVCardMessage.m */,
			);
			path = Model;
			sourceTree = "<group>";
		};
		9A2669BE1D6DA89100B66545 /* Resources */ = {
			isa = PBXGroup;
			children = (
				9A2669BF1D6DA89100B66545 /* calling_card_bg@2x.png */,
			);
			path = Resources;
			sourceTree = "<group>";
		};
		9A2669C01D6DA89100B66545 /* View */ = {
			isa = PBXGroup;
			children = (
				9A2669C11D6DA89100B66545 /* LCCKInputViewPluginVCard.h */,
				9A2669C21D6DA89100B66545 /* LCCKInputViewPluginVCard.m */,
				9A2669C31D6DA89100B66545 /* LCCKVCardMessageCell.h */,
				9A2669C41D6DA89100B66545 /* LCCKVCardMessageCell.m */,
				9A2669C51D6DA89100B66545 /* LCCKVCardView.h */,
				9A2669C61D6DA89100B66545 /* LCCKVCardView.m */,
				9A2669C71D6DA89100B66545 /* LCCKVCardView.xib */,
			);
			path = View;
			sourceTree = "<group>";
		};
		9A4730281CECAEC500AEB86F /* Example */ = {
			isa = PBXGroup;
			children = (
				E7302D7D1D81117700E8CDDE /* LCChatKitExample.h */,
				E7302D7E1D81117700E8CDDE /* LCChatKitExample.m */,
				E7302D7F1D81117700E8CDDE /* LCChatKitExample+Setting.h */,
				E7302D801D81117700E8CDDE /* LCChatKitExample+Setting.m */,
				9A4730291CECAEC500AEB86F /* AppDelegate.h */,
				9A47302A1CECAEC500AEB86F /* AppDelegate.m */,
				9A47305F1CECAEC500AEB86F /* LCCKTabBarControllerConfig.h */,
				9A4730601CECAEC500AEB86F /* LCCKTabBarControllerConfig.m */,
				9A47302B1CECAEC500AEB86F /* Class */,
			);
			path = Example;
			sourceTree = "<group>";
		};
		9A47302B1CECAEC500AEB86F /* Class */ = {
			isa = PBXGroup;
			children = (
				9A47302C1CECAEC500AEB86F /* Model */,
				9A47302F1CECAEC500AEB86F /* Module */,
				9A47305A1CECAEC500AEB86F /* Tool */,
			);
			path = Class;
			sourceTree = "<group>";
		};
		9A47302C1CECAEC500AEB86F /* Model */ = {
			isa = PBXGroup;
			children = (
				9A47302D1CECAEC500AEB86F /* LCCKUser.h */,
				9A47302E1CECAEC500AEB86F /* LCCKUser.m */,
			);
			path = Model;
			sourceTree = "<group>";
		};
		9A47302F1CECAEC500AEB86F /* Module */ = {
			isa = PBXGroup;
			children = (
				9A2669B51D6DA89100B66545 /* Customize */,
				9A47303B1CECAEC500AEB86F /* Login */,
				9A4730481CECAEC500AEB86F /* Main */,
				9A4730541CECAEC500AEB86F /* Other */,
			);
			path = Module;
			sourceTree = "<group>";
		};
		9A47303B1CECAEC500AEB86F /* Login */ = {
			isa = PBXGroup;
			children = (
				9A47303C1CECAEC500AEB86F /* Controller */,
				9A4730401CECAEC500AEB86F /* Model */,
				9A4730471CECAEC500AEB86F /* View */,
			);
			path = Login;
			sourceTree = "<group>";
		};
		9A47303C1CECAEC500AEB86F /* Controller */ = {
			isa = PBXGroup;
			children = (
				9A47303D1CECAEC500AEB86F /* LCCKLoginViewController.h */,
				9A47303E1CECAEC500AEB86F /* LCCKLoginViewController.m */,
				9A47303F1CECAEC500AEB86F /* LCCKLoginViewController.xib */,
			);
			path = Controller;
			sourceTree = "<group>";
		};
		9A4730401CECAEC500AEB86F /* Model */ = {
			isa = PBXGroup;
			children = (
				9A4730411CECAEC500AEB86F /* DEMOCustomAutoCompleteObject.h */,
				9A4730421CECAEC500AEB86F /* DEMOCustomAutoCompleteObject.m */,
				9A4730431CECAEC500AEB86F /* DEMODataSource.h */,
				9A4730441CECAEC500AEB86F /* DEMODataSource.m */,
				9A4730451CECAEC500AEB86F /* LCCKLoginDataSource.h */,
				9A4730461CECAEC500AEB86F /* LCCKLoginDataSource.m */,
			);
			path = Model;
			sourceTree = "<group>";
		};
		9A4730471CECAEC500AEB86F /* View */ = {
			isa = PBXGroup;
			children = (
			);
			path = View;
			sourceTree = "<group>";
		};
		9A4730481CECAEC500AEB86F /* Main */ = {
			isa = PBXGroup;
			children = (
				9A4730491CECAEC500AEB86F /* Controller */,
				9A47304E1CECAEC500AEB86F /* LCCKConstantsDefinition.h */,
				9A47304F1CECAEC500AEB86F /* LCCKUtil.h */,
				9A4730501CECAEC500AEB86F /* LCCKUtil.m */,
				9A4730511CECAEC500AEB86F /* View */,
			);
			path = Main;
			sourceTree = "<group>";
		};
		9A4730491CECAEC500AEB86F /* Controller */ = {
			isa = PBXGroup;
			children = (
				9A47304A1CECAEC500AEB86F /* LCCKMapViewController.h */,
				9A47304B1CECAEC500AEB86F /* LCCKMapViewController.m */,
			);
			path = Controller;
			sourceTree = "<group>";
		};
		9A4730511CECAEC500AEB86F /* View */ = {
			isa = PBXGroup;
			children = (
				9A4730521CECAEC500AEB86F /* LCCKPlusButtonSubclass.h */,
				9A4730531CECAEC500AEB86F /* LCCKPlusButtonSubclass.m */,
			);
			path = View;
			sourceTree = "<group>";
		};
		9A4730541CECAEC500AEB86F /* Other */ = {
			isa = PBXGroup;
			children = (
				9A4730551CECAEC500AEB86F /* Assets.xcassets */,
				9A4730561CECAEC500AEB86F /* LaunchScreen.storyboard */,
				9A4730581CECAEC500AEB86F /* Info.plist */,
				9A4730591CECAEC500AEB86F /* main.m */,
			);
			path = Other;
			sourceTree = "<group>";
		};
		9A47305A1CECAEC500AEB86F /* Tool */ = {
			isa = PBXGroup;
			children = (
				9A7E2DE71D5F1040003A7312 /* LCCKContactManager.h */,
				9A7E2DE81D5F1040003A7312 /* LCCKContactManager.m */,
				9A47305B1CECAEC500AEB86F /* MBProgressHUD */,
				9A7E2DE61D5F0B59003A7312 /* LCCKExampleConstants.h */,
			);
			path = Tool;
			sourceTree = "<group>";
		};
		9A47305B1CECAEC500AEB86F /* MBProgressHUD */ = {
			isa = PBXGroup;
			children = (
				9A47305D1CECAEC500AEB86F /* NSObject+LCCKHUD.h */,
				9A47305E1CECAEC500AEB86F /* NSObject+LCCKHUD.m */,
			);
			path = MBProgressHUD;
			sourceTree = "<group>";
		};
		9A754D421CECAC3E000967F1 = {
			isa = PBXGroup;
			children = (
				E75E21B91D78284A005F6F8D /* RedpacketStaticLib */,
				E700C6F51D7193AB00056E3C /* RedpacketSDK */,
				9A4730281CECAEC500AEB86F /* Example */,
				9A754D4C1CECAC3E000967F1 /* Products */,
				578A4ED63A7AFF3EA27EF73A /* Frameworks */,
				E700C6F41D7192E800056E3C /* Recovered References */,
				8A42ACE7FD4924496AFD414D /* Pods */,
			);
			sourceTree = "<group>";
		};
		9A754D4C1CECAC3E000967F1 /* Products */ = {
			isa = PBXGroup;
			children = (
				9A754D4B1CECAC3E000967F1 /* ChatKit-OC.app */,
			);
			name = Products;
			sourceTree = "<group>";
		};
		E700C6F41D7192E800056E3C /* Recovered References */ = {
			isa = PBXGroup;
			children = (
				2CAFBFA5C96378C343A25F5B /* Pods-ChatKit-OC.debug.xcconfig */,
				154945A33B10139C70F5F077 /* Pods-ChatKit-OC.release.xcconfig */,
			);
			name = "Recovered References";
			sourceTree = "<group>";
		};
		E700C6F51D7193AB00056E3C /* RedpacketSDK */ = {
			isa = PBXGroup;
			children = (
				E700C6F61D7193AB00056E3C /* AppDelegate+RedPacket.h */,
				E700C6F71D7193AB00056E3C /* AppDelegate+RedPacket.m */,
				E700C6F81D7193AB00056E3C /* AVIMTypedMessageRedPacket.h */,
				E700C6F91D7193AB00056E3C /* AVIMTypedMessageRedPacket.m */,
				E700C6FA1D7193AB00056E3C /* AVIMTypedMessageRedPacketTaken.h */,
				E700C6FB1D7193AB00056E3C /* AVIMTypedMessageRedPacketTaken.m */,
				E700C6FC1D7193AB00056E3C /* RedpacketCellResource.bundle */,
				E700C6FD1D7193AB00056E3C /* RedpacketConfig.h */,
				E700C6FE1D7193AB00056E3C /* RedpacketConfig.m */,
				E700C7011D7193AB00056E3C /* RedPacketInputViewPlugin.h */,
				E700C7021D7193AB00056E3C /* RedPacketInputViewPlugin.m */,
				E7302DAC1D829A1000E8CDDE /* RedPacketChangeInputViewPlugin.h */,
				E7302DAD1D829A1000E8CDDE /* RedPacketChangeInputViewPlugin.m */,
				E700C7031D7193AB00056E3C /* RedpacketMessageCell.h */,
				E700C7041D7193AB00056E3C /* RedpacketMessageCell.m */,
				E700C7051D7193AB00056E3C /* RedpacketTakenMessageCell.h */,
				E700C7061D7193AB00056E3C /* RedpacketTakenMessageCell.m */,
			);
			name = RedpacketSDK;
			path = ../RedpacketSDK;
			sourceTree = "<group>";
		};
		E75E21B91D78284A005F6F8D /* RedpacketStaticLib */ = {
			isa = PBXGroup;
			children = (
				E75E21BA1D78284A005F6F8D /* AlipayLib */,
				E75E21BE1D78284A005F6F8D /* AlipaySDK.bundle */,
				E75E21BF1D78284A005F6F8D /* lib */,
				E75E21C11D78284A005F6F8D /* RedpacketErrorCode.h */,
				E75E21C21D78284A005F6F8D /* RedpacketMessageModel.h */,
				E75E21C31D78284A005F6F8D /* RedpacketOpenConst.h */,
				E75E21C41D78284A005F6F8D /* RedpacketViewControl.h */,
				E75E21C51D78284A005F6F8D /* resources */,
				E75E22131D78284A005F6F8D /* YZHRedpacketBridge.h */,
				E75E22141D78284A005F6F8D /* YZHRedpacketBridgeProtocol.h */,
			);
			name = RedpacketStaticLib;
			path = ../../RedpacketStaticLib;
			sourceTree = "<group>";
		};
		E75E21BA1D78284A005F6F8D /* AlipayLib */ = {
			isa = PBXGroup;
			children = (
				E75E21BB1D78284A005F6F8D /* AlipaySDK.a */,
				E75E21BC1D78284A005F6F8D /* AlipaySDK.h */,
				E75E21BD1D78284A005F6F8D /* APayAuthInfo.h */,
			);
			path = AlipayLib;
			sourceTree = "<group>";
		};
		E75E21BF1D78284A005F6F8D /* lib */ = {
			isa = PBXGroup;
			children = (
				E75E21C01D78284A005F6F8D /* libRedpacketLib.a */,
			);
			path = lib;
			sourceTree = "<group>";
		};
		E75E21C51D78284A005F6F8D /* resources */ = {
			isa = PBXGroup;
			children = (
				E75E22041D78284A005F6F8D /* RedPacketResource.bundle */,
			);
			path = resources;
			sourceTree = "<group>";
		};
/* End PBXGroup section */

/* Begin PBXNativeTarget section */
		9A754D4A1CECAC3E000967F1 /* ChatKit-OC */ = {
			isa = PBXNativeTarget;
			buildConfigurationList = 9A754D621CECAC3E000967F1 /* Build configuration list for PBXNativeTarget "ChatKit-OC" */;
			buildPhases = (
				1E370B72B10E872F9EF1EABD /* [CP] Check Pods Manifest.lock */,
				9A754D471CECAC3E000967F1 /* Sources */,
				9A754D481CECAC3E000967F1 /* Frameworks */,
				9A754D491CECAC3E000967F1 /* Resources */,
				9A1AD17B1CEDE640000FF26E /* Embed Frameworks */,
				B3D3A07CFC7415F038843CA3 /* [CP] Embed Pods Frameworks */,
				B2766B2FC2AFFF07E341B315 /* [CP] Copy Pods Resources */,
			);
			buildRules = (
			);
			dependencies = (
			);
			name = "ChatKit-OC";
			productName = "ChatKit-OC";
			productReference = 9A754D4B1CECAC3E000967F1 /* ChatKit-OC.app */;
			productType = "com.apple.product-type.application";
		};
/* End PBXNativeTarget section */

/* Begin PBXProject section */
		9A754D431CECAC3E000967F1 /* Project object */ = {
			isa = PBXProject;
			attributes = {
				LastUpgradeCheck = 0730;
				ORGANIZATIONNAME = ElonChan;
				TargetAttributes = {
					9A754D4A1CECAC3E000967F1 = {
						CreatedOnToolsVersion = 7.3;
						DevelopmentTeam = PUEB48NTQQ;
					};
				};
			};
			buildConfigurationList = 9A754D461CECAC3E000967F1 /* Build configuration list for PBXProject "ChatKit-OC" */;
			compatibilityVersion = "Xcode 3.2";
			developmentRegion = English;
			hasScannedForEncodings = 0;
			knownRegions = (
				en,
				Base,
				"zh-Hans",
			);
			mainGroup = 9A754D421CECAC3E000967F1;
			productRefGroup = 9A754D4C1CECAC3E000967F1 /* Products */;
			projectDirPath = "";
			projectRoot = "";
			targets = (
				9A754D4A1CECAC3E000967F1 /* ChatKit-OC */,
			);
		};
/* End PBXProject section */

/* Begin PBXResourcesBuildPhase section */
		9A754D491CECAC3E000967F1 /* Resources */ = {
			isa = PBXResourcesBuildPhase;
			buildActionMask = 2147483647;
			files = (
				E75E22161D78284A005F6F8D /* AlipaySDK.bundle in Resources */,
				9A4730711CECAEC500AEB86F /* LaunchScreen.storyboard in Resources */,
				9A4730701CECAEC500AEB86F /* Assets.xcassets in Resources */,
				9A2669CE1D6DA89100B66545 /* LCCKVCardView.xib in Resources */,
				9A2669CA1D6DA89100B66545 /* calling_card_bg@2x.png in Resources */,
				9A4730681CECAEC500AEB86F /* LCCKLoginViewController.xib in Resources */,
				E700C71A1D7193AB00056E3C /* RedpacketCellResource.bundle in Resources */,
				E75E22561D78284A005F6F8D /* RedPacketResource.bundle in Resources */,
			);
			runOnlyForDeploymentPostprocessing = 0;
		};
/* End PBXResourcesBuildPhase section */

/* Begin PBXShellScriptBuildPhase section */
		1E370B72B10E872F9EF1EABD /* [CP] Check Pods Manifest.lock */ = {
			isa = PBXShellScriptBuildPhase;
			buildActionMask = 2147483647;
			files = (
			);
			inputPaths = (
			);
			name = "[CP] Check Pods Manifest.lock";
			outputPaths = (
			);
			runOnlyForDeploymentPostprocessing = 0;
			shellPath = /bin/sh;
			shellScript = "diff \"${PODS_ROOT}/../Podfile.lock\" \"${PODS_ROOT}/Manifest.lock\" > /dev/null\nif [[ $? != 0 ]] ; then\n    cat << EOM\nerror: The sandbox is not in sync with the Podfile.lock. Run 'pod install' or update your CocoaPods installation.\nEOM\n    exit 1\nfi\n";
			showEnvVarsInLog = 0;
		};
		B2766B2FC2AFFF07E341B315 /* [CP] Copy Pods Resources */ = {
			isa = PBXShellScriptBuildPhase;
			buildActionMask = 2147483647;
			files = (
			);
			inputPaths = (
			);
			name = "[CP] Copy Pods Resources";
			outputPaths = (
			);
			runOnlyForDeploymentPostprocessing = 0;
			shellPath = /bin/sh;
			shellScript = "\"${SRCROOT}/Pods/Target Support Files/Pods-ChatKit-OC/Pods-ChatKit-OC-resources.sh\"\n";
			showEnvVarsInLog = 0;
		};
		B3D3A07CFC7415F038843CA3 /* [CP] Embed Pods Frameworks */ = {
			isa = PBXShellScriptBuildPhase;
			buildActionMask = 2147483647;
			files = (
			);
			inputPaths = (
			);
			name = "[CP] Embed Pods Frameworks";
			outputPaths = (
			);
			runOnlyForDeploymentPostprocessing = 0;
			shellPath = /bin/sh;
			shellScript = "\"${SRCROOT}/Pods/Target Support Files/Pods-ChatKit-OC/Pods-ChatKit-OC-frameworks.sh\"\n";
			showEnvVarsInLog = 0;
		};
/* End PBXShellScriptBuildPhase section */

/* Begin PBXSourcesBuildPhase section */
		9A754D471CECAC3E000967F1 /* Sources */ = {
			isa = PBXSourcesBuildPhase;
			buildActionMask = 2147483647;
			files = (
				E7302D811D81117700E8CDDE /* LCChatKitExample.m in Sources */,
				E700C71D1D7193AB00056E3C /* RedPacketInputViewPlugin.m in Sources */,
				9A47306F1CECAEC500AEB86F /* LCCKPlusButtonSubclass.m in Sources */,
				9A4730671CECAEC500AEB86F /* LCCKLoginViewController.m in Sources */,
				9A4730611CECAEC500AEB86F /* AppDelegate.m in Sources */,
				E7302DAE1D829A1000E8CDDE /* RedPacketChangeInputViewPlugin.m in Sources */,
				E7302D821D81117700E8CDDE /* LCChatKitExample+Setting.m in Sources */,
				E700C71F1D7193AB00056E3C /* RedpacketTakenMessageCell.m in Sources */,
				9A2669C81D6DA89100B66545 /* LCCKInputViewPluginConversationBackground.m in Sources */,
				9A2669CC1D6DA89100B66545 /* LCCKVCardMessageCell.m in Sources */,
				9A2669CD1D6DA89100B66545 /* LCCKVCardView.m in Sources */,
				9A47306A1CECAEC500AEB86F /* DEMODataSource.m in Sources */,
				9A2669CB1D6DA89100B66545 /* LCCKInputViewPluginVCard.m in Sources */,
				9A47306C1CECAEC500AEB86F /* LCCKMapViewController.m in Sources */,
				9A4730621CECAEC500AEB86F /* LCCKUser.m in Sources */,
				9A47306E1CECAEC500AEB86F /* LCCKUtil.m in Sources */,
				E700C7191D7193AB00056E3C /* AVIMTypedMessageRedPacketTaken.m in Sources */,
				E700C71B1D7193AB00056E3C /* RedpacketConfig.m in Sources */,
				9A4730761CECAEC500AEB86F /* LCCKTabBarControllerConfig.m in Sources */,
				9A4730691CECAEC500AEB86F /* DEMOCustomAutoCompleteObject.m in Sources */,
				E700C71E1D7193AB00056E3C /* RedpacketMessageCell.m in Sources */,
				9A4730731CECAEC500AEB86F /* main.m in Sources */,
				9A4730751CECAEC500AEB86F /* NSObject+LCCKHUD.m in Sources */,
				E700C7181D7193AB00056E3C /* AVIMTypedMessageRedPacket.m in Sources */,
				E700C7171D7193AB00056E3C /* AppDelegate+RedPacket.m in Sources */,
				9A47306B1CECAEC500AEB86F /* LCCKLoginDataSource.m in Sources */,
				9A7E2DE91D5F1040003A7312 /* LCCKContactManager.m in Sources */,
				9A2669C91D6DA89100B66545 /* LCCKVCardMessage.m in Sources */,
			);
			runOnlyForDeploymentPostprocessing = 0;
		};
/* End PBXSourcesBuildPhase section */

/* Begin PBXVariantGroup section */
		9A4730561CECAEC500AEB86F /* LaunchScreen.storyboard */ = {
			isa = PBXVariantGroup;
			children = (
				9A4730571CECAEC500AEB86F /* Base */,
				9AAFE6571D48C863004A0309 /* zh-Hans-CN */,
			);
			name = LaunchScreen.storyboard;
			sourceTree = "<group>";
		};
/* End PBXVariantGroup section */

/* Begin XCBuildConfiguration section */
		9A754D601CECAC3E000967F1 /* Debug */ = {
			isa = XCBuildConfiguration;
			buildSettings = {
				ALWAYS_SEARCH_USER_PATHS = NO;
				CLANG_ANALYZER_NONNULL = YES;
				CLANG_CXX_LANGUAGE_STANDARD = "gnu++0x";
				CLANG_CXX_LIBRARY = "libc++";
				CLANG_ENABLE_MODULES = YES;
				CLANG_ENABLE_OBJC_ARC = YES;
				CLANG_WARN_BOOL_CONVERSION = YES;
				CLANG_WARN_CONSTANT_CONVERSION = YES;
				CLANG_WARN_DIRECT_OBJC_ISA_USAGE = YES_ERROR;
				CLANG_WARN_EMPTY_BODY = YES;
				CLANG_WARN_ENUM_CONVERSION = YES;
				CLANG_WARN_INT_CONVERSION = YES;
				CLANG_WARN_OBJC_ROOT_CLASS = YES_ERROR;
				CLANG_WARN_UNREACHABLE_CODE = YES;
				CLANG_WARN__DUPLICATE_METHOD_MATCH = YES;
				CODE_SIGN_IDENTITY = "iPhone Developer";
				"CODE_SIGN_IDENTITY[sdk=iphoneos*]" = "iPhone Distribution: Meiwei Shuqian(Beijing) Information Technology co., LTD (Y6X8P44TM5)";
				COPY_PHASE_STRIP = NO;
				DEBUG_INFORMATION_FORMAT = dwarf;
				ENABLE_STRICT_OBJC_MSGSEND = YES;
				ENABLE_TESTABILITY = YES;
				GCC_C_LANGUAGE_STANDARD = gnu99;
				GCC_DYNAMIC_NO_PIC = NO;
				GCC_NO_COMMON_BLOCKS = YES;
				GCC_OPTIMIZATION_LEVEL = 0;
				GCC_PREPROCESSOR_DEFINITIONS = (
					"DEBUG=1",
					"$(inherited)",
				);
				GCC_WARN_64_TO_32_BIT_CONVERSION = YES;
				GCC_WARN_ABOUT_RETURN_TYPE = YES_ERROR;
				GCC_WARN_UNDECLARED_SELECTOR = YES;
				GCC_WARN_UNINITIALIZED_AUTOS = YES_AGGRESSIVE;
				GCC_WARN_UNUSED_FUNCTION = YES;
				GCC_WARN_UNUSED_VARIABLE = YES;
				IPHONEOS_DEPLOYMENT_TARGET = 7.0;
				MTL_ENABLE_DEBUG_INFO = YES;
				ONLY_ACTIVE_ARCH = YES;
				PROVISIONING_PROFILE = "";
				SDKROOT = iphoneos;
				TARGETED_DEVICE_FAMILY = "1,2";
			};
			name = Debug;
		};
		9A754D611CECAC3E000967F1 /* Release */ = {
			isa = XCBuildConfiguration;
			buildSettings = {
				ALWAYS_SEARCH_USER_PATHS = NO;
				CLANG_ANALYZER_NONNULL = YES;
				CLANG_CXX_LANGUAGE_STANDARD = "gnu++0x";
				CLANG_CXX_LIBRARY = "libc++";
				CLANG_ENABLE_MODULES = YES;
				CLANG_ENABLE_OBJC_ARC = YES;
				CLANG_WARN_BOOL_CONVERSION = YES;
				CLANG_WARN_CONSTANT_CONVERSION = YES;
				CLANG_WARN_DIRECT_OBJC_ISA_USAGE = YES_ERROR;
				CLANG_WARN_EMPTY_BODY = YES;
				CLANG_WARN_ENUM_CONVERSION = YES;
				CLANG_WARN_INT_CONVERSION = YES;
				CLANG_WARN_OBJC_ROOT_CLASS = YES_ERROR;
				CLANG_WARN_UNREACHABLE_CODE = YES;
				CLANG_WARN__DUPLICATE_METHOD_MATCH = YES;
				CODE_SIGN_IDENTITY = "iPhone Developer";
				"CODE_SIGN_IDENTITY[sdk=iphoneos*]" = "iPhone Distribution: Meiwei Shuqian(Beijing) Information Technology co., LTD (Y6X8P44TM5)";
				COPY_PHASE_STRIP = NO;
				DEBUG_INFORMATION_FORMAT = "dwarf-with-dsym";
				ENABLE_NS_ASSERTIONS = NO;
				ENABLE_STRICT_OBJC_MSGSEND = YES;
				GCC_C_LANGUAGE_STANDARD = gnu99;
				GCC_NO_COMMON_BLOCKS = YES;
				GCC_WARN_64_TO_32_BIT_CONVERSION = YES;
				GCC_WARN_ABOUT_RETURN_TYPE = YES_ERROR;
				GCC_WARN_UNDECLARED_SELECTOR = YES;
				GCC_WARN_UNINITIALIZED_AUTOS = YES_AGGRESSIVE;
				GCC_WARN_UNUSED_FUNCTION = YES;
				GCC_WARN_UNUSED_VARIABLE = YES;
				IPHONEOS_DEPLOYMENT_TARGET = 7.0;
				MTL_ENABLE_DEBUG_INFO = NO;
				PROVISIONING_PROFILE = "";
				SDKROOT = iphoneos;
				TARGETED_DEVICE_FAMILY = "1,2";
				VALIDATE_PRODUCT = YES;
			};
			name = Release;
		};
		9A754D631CECAC3E000967F1 /* Debug */ = {
			isa = XCBuildConfiguration;
			baseConfigurationReference = 2CAFBFA5C96378C343A25F5B /* Pods-ChatKit-OC.debug.xcconfig */;
			buildSettings = {
				ALWAYS_SEARCH_USER_PATHS = NO;
				ASSETCATALOG_COMPILER_APPICON_NAME = AppIcon;
				ASSETCATALOG_COMPILER_LAUNCHIMAGE_NAME = LaunchImage;
				CODE_SIGN_IDENTITY = "iPhone Developer";
				"CODE_SIGN_IDENTITY[sdk=iphoneos*]" = "iPhone Developer";
				ENABLE_BITCODE = NO;
				FRAMEWORK_SEARCH_PATHS = "$(inherited)";
				INFOPLIST_FILE = "$(SRCROOT)/Example/Class/Module/Other/Info.plist";
				IPHONEOS_DEPLOYMENT_TARGET = 7.0;
				LD_RUNPATH_SEARCH_PATHS = "$(inherited) @executable_path/Frameworks";
				LIBRARY_SEARCH_PATHS = (
					"$(inherited)",
					"\"$PODS_CONFIGURATION_BUILD_DIR/AVOSCloud\"",
					"\"$PODS_CONFIGURATION_BUILD_DIR/AVOSCloudIM\"",
					"\"$PODS_CONFIGURATION_BUILD_DIR/CYLTabBarController\"",
					"\"$PODS_CONFIGURATION_BUILD_DIR/CYLTableViewRowAction\"",
					"\"$PODS_CONFIGURATION_BUILD_DIR/ChatKit\"",
					"\"$PODS_CONFIGURATION_BUILD_DIR/DACircularProgress\"",
					"\"$PODS_CONFIGURATION_BUILD_DIR/FDStackView\"",
					"\"$PODS_CONFIGURATION_BUILD_DIR/FMDB\"",
					"\"$PODS_CONFIGURATION_BUILD_DIR/MBProgressHUD\"",
					"\"$PODS_CONFIGURATION_BUILD_DIR/MJRefresh\"",
					"\"$PODS_CONFIGURATION_BUILD_DIR/MLLabel\"",
					"\"$PODS_CONFIGURATION_BUILD_DIR/MLPAutoCompleteTextField\"",
					"\"$PODS_CONFIGURATION_BUILD_DIR/MWPhotoBrowser\"",
					"\"$PODS_CONFIGURATION_BUILD_DIR/Masonry\"",
					"\"$PODS_CONFIGURATION_BUILD_DIR/SDWebImage\"",
					"\"$PODS_CONFIGURATION_BUILD_DIR/TWMessageBarManager\"",
					"\"$PODS_CONFIGURATION_BUILD_DIR/UITableView+FDTemplateLayoutCell\"",
					"\"$PODS_CONFIGURATION_BUILD_DIR/pop\"",
					"\"$(SRCROOT)/../../RedpacketStaticLib\"/**",
					"\"$(SRCROOT)/../../RedpacketStaticLib/AlipayLib\"/**",
				);
				OTHER_LDFLAGS = "$(inherited)";
				PRODUCT_BUNDLE_IDENTIFIER = com.redpacket.chatkit;
				PRODUCT_NAME = "$(TARGET_NAME)";
				PROVISIONING_PROFILE = "";
			};
			name = Debug;
		};
		9A754D641CECAC3E000967F1 /* Release */ = {
			isa = XCBuildConfiguration;
			baseConfigurationReference = 154945A33B10139C70F5F077 /* Pods-ChatKit-OC.release.xcconfig */;
			buildSettings = {
				ALWAYS_SEARCH_USER_PATHS = NO;
				ASSETCATALOG_COMPILER_APPICON_NAME = AppIcon;
				ASSETCATALOG_COMPILER_LAUNCHIMAGE_NAME = LaunchImage;
				CODE_SIGN_IDENTITY = "iPhone Developer";
				"CODE_SIGN_IDENTITY[sdk=iphoneos*]" = "iPhone Developer";
				ENABLE_BITCODE = NO;
				FRAMEWORK_SEARCH_PATHS = "$(inherited)";
				INFOPLIST_FILE = "$(SRCROOT)/Example/Class/Module/Other/Info.plist";
				IPHONEOS_DEPLOYMENT_TARGET = 7.0;
				LD_RUNPATH_SEARCH_PATHS = "$(inherited) @executable_path/Frameworks";
				LIBRARY_SEARCH_PATHS = (
					"$(inherited)",
					"\"$PODS_CONFIGURATION_BUILD_DIR/AVOSCloud\"",
					"\"$PODS_CONFIGURATION_BUILD_DIR/AVOSCloudIM\"",
					"\"$PODS_CONFIGURATION_BUILD_DIR/CYLTabBarController\"",
					"\"$PODS_CONFIGURATION_BUILD_DIR/CYLTableViewRowAction\"",
					"\"$PODS_CONFIGURATION_BUILD_DIR/ChatKit\"",
					"\"$PODS_CONFIGURATION_BUILD_DIR/DACircularProgress\"",
					"\"$PODS_CONFIGURATION_BUILD_DIR/FDStackView\"",
					"\"$PODS_CONFIGURATION_BUILD_DIR/FMDB\"",
					"\"$PODS_CONFIGURATION_BUILD_DIR/MBProgressHUD\"",
					"\"$PODS_CONFIGURATION_BUILD_DIR/MJRefresh\"",
					"\"$PODS_CONFIGURATION_BUILD_DIR/MLLabel\"",
					"\"$PODS_CONFIGURATION_BUILD_DIR/MLPAutoCompleteTextField\"",
					"\"$PODS_CONFIGURATION_BUILD_DIR/MWPhotoBrowser\"",
					"\"$PODS_CONFIGURATION_BUILD_DIR/Masonry\"",
					"\"$PODS_CONFIGURATION_BUILD_DIR/SDWebImage\"",
					"\"$PODS_CONFIGURATION_BUILD_DIR/TWMessageBarManager\"",
					"\"$PODS_CONFIGURATION_BUILD_DIR/UITableView+FDTemplateLayoutCell\"",
					"\"$PODS_CONFIGURATION_BUILD_DIR/pop\"",
					"\"$(SRCROOT)/../../RedpacketStaticLib\"/**",
					"\"$(SRCROOT)/../../RedpacketStaticLib/AlipayLib\"/**",
				);
				OTHER_LDFLAGS = "$(inherited)";
				PRODUCT_BUNDLE_IDENTIFIER = com.redpacket.chatkit;
				PRODUCT_NAME = "$(TARGET_NAME)";
				PROVISIONING_PROFILE = "";
			};
			name = Release;
		};
/* End XCBuildConfiguration section */

/* Begin XCConfigurationList section */
		9A754D461CECAC3E000967F1 /* Build configuration list for PBXProject "ChatKit-OC" */ = {
			isa = XCConfigurationList;
			buildConfigurations = (
				9A754D601CECAC3E000967F1 /* Debug */,
				9A754D611CECAC3E000967F1 /* Release */,
			);
			defaultConfigurationIsVisible = 0;
			defaultConfigurationName = Release;
		};
		9A754D621CECAC3E000967F1 /* Build configuration list for PBXNativeTarget "ChatKit-OC" */ = {
			isa = XCConfigurationList;
			buildConfigurations = (
				9A754D631CECAC3E000967F1 /* Debug */,
				9A754D641CECAC3E000967F1 /* Release */,
			);
			defaultConfigurationIsVisible = 0;
			defaultConfigurationName = Release;
		};
/* End XCConfigurationList section */
	};
	rootObject = 9A754D431CECAC3E000967F1 /* Project object */;
}
