// !$*UTF8*$!
{
	archiveVersion = 1;
	classes = {
	};
	objectVersion = 46;
	objects = {

/* Begin PBXBuildFile section */
		9A10878F1CDC94510063432D /* LCIMBaseTableViewController.m in Sources */ = {isa = PBXBuildFile; fileRef = 9A10878E1CDC94510063432D /* LCIMBaseTableViewController.m */; };
		9A11D3451CDCEF8900B3814B /* LCIMChatBar.m in Sources */ = {isa = PBXBuildFile; fileRef = 9A11D33A1CDCEF8900B3814B /* LCIMChatBar.m */; };
		9A11D3461CDCEF8900B3814B /* LCIMChatFaceView.m in Sources */ = {isa = PBXBuildFile; fileRef = 9A11D33C1CDCEF8900B3814B /* LCIMChatFaceView.m */; };
		9A11D3471CDCEF8900B3814B /* LCIMChatMoreItem.m in Sources */ = {isa = PBXBuildFile; fileRef = 9A11D33E1CDCEF8900B3814B /* LCIMChatMoreItem.m */; };
		9A11D3481CDCEF8900B3814B /* LCIMChatMoreView.m in Sources */ = {isa = PBXBuildFile; fileRef = 9A11D3401CDCEF8900B3814B /* LCIMChatMoreView.m */; };
		9A11D3491CDCEF8900B3814B /* LCIMFacePageView.m in Sources */ = {isa = PBXBuildFile; fileRef = 9A11D3421CDCEF8900B3814B /* LCIMFacePageView.m */; };
		9A11D34A1CDCEF8900B3814B /* LCIMProgressHUD.m in Sources */ = {isa = PBXBuildFile; fileRef = 9A11D3441CDCEF8900B3814B /* LCIMProgressHUD.m */; };
		9A11D34D1CDD1CC000B3814B /* UIImage+LCCKExtension.m in Sources */ = {isa = PBXBuildFile; fileRef = 9A11D34C1CDD1CC000B3814B /* UIImage+LCCKExtension.m */; };
		9A152E6B1CB4B03600EF35B5 /* AppDelegate.m in Sources */ = {isa = PBXBuildFile; fileRef = 9A152DC11CB4B03600EF35B5 /* AppDelegate.m */; };
		9A152E6C1CB4B03600EF35B5 /* LCIMUser.m in Sources */ = {isa = PBXBuildFile; fileRef = 9A152DC51CB4B03600EF35B5 /* LCIMUser.m */; };
		9A152E6D1CB4B03600EF35B5 /* LCIMContactListController.m in Sources */ = {isa = PBXBuildFile; fileRef = 9A152DCA1CB4B03600EF35B5 /* LCIMContactListController.m */; };
		9A152E6E1CB4B03600EF35B5 /* LCIMContactManager.m in Sources */ = {isa = PBXBuildFile; fileRef = 9A152DCD1CB4B03600EF35B5 /* LCIMContactManager.m */; };
		9A152E6F1CB4B03600EF35B5 /* LCIMContactCell.m in Sources */ = {isa = PBXBuildFile; fileRef = 9A152DD01CB4B03600EF35B5 /* LCIMContactCell.m */; };
		9A152E701CB4B03600EF35B5 /* LCIMContactCell.xib in Resources */ = {isa = PBXBuildFile; fileRef = 9A152DD11CB4B03600EF35B5 /* LCIMContactCell.xib */; };
		9A152E711CB4B03600EF35B5 /* LCIMMapViewController.m in Sources */ = {isa = PBXBuildFile; fileRef = 9A152DD51CB4B03600EF35B5 /* LCIMMapViewController.m */; };
		9A152E721CB4B03600EF35B5 /* LCIMKitExample.m in Sources */ = {isa = PBXBuildFile; fileRef = 9A152DD81CB4B03600EF35B5 /* LCIMKitExample.m */; };
		9A152E731CB4B03600EF35B5 /* LCIMUtil.m in Sources */ = {isa = PBXBuildFile; fileRef = 9A152DDA1CB4B03600EF35B5 /* LCIMUtil.m */; };
		9A152E741CB4B03600EF35B5 /* LCIMPlusButtonSubclass.m in Sources */ = {isa = PBXBuildFile; fileRef = 9A152DDD1CB4B03600EF35B5 /* LCIMPlusButtonSubclass.m */; };
		9A152E751CB4B03600EF35B5 /* Assets.xcassets in Resources */ = {isa = PBXBuildFile; fileRef = 9A152DDF1CB4B03600EF35B5 /* Assets.xcassets */; };
		9A152E761CB4B03600EF35B5 /* LaunchScreen.storyboard in Resources */ = {isa = PBXBuildFile; fileRef = 9A152DE01CB4B03600EF35B5 /* LaunchScreen.storyboard */; };
		9A152E781CB4B03600EF35B5 /* main.m in Sources */ = {isa = PBXBuildFile; fileRef = 9A152DE31CB4B03600EF35B5 /* main.m */; };
		9A152E791CB4B03600EF35B5 /* NSObject+LCCKHUD.m in Sources */ = {isa = PBXBuildFile; fileRef = 9A152DE71CB4B03600EF35B5 /* NSObject+LCCKHUD.m */; };
		9A152E7A1CB4B03600EF35B5 /* MBProgressHUD.bundle in Resources */ = {isa = PBXBuildFile; fileRef = 9A152DE81CB4B03600EF35B5 /* MBProgressHUD.bundle */; };
		9A152E7B1CB4B03600EF35B5 /* LCIMTabBarControllerConfig.m in Sources */ = {isa = PBXBuildFile; fileRef = 9A152DEA1CB4B03600EF35B5 /* LCIMTabBarControllerConfig.m */; };
		9A152FFD1CB4C24A00EF35B5 /* AVIMEmotionMessage.m in Sources */ = {isa = PBXBuildFile; fileRef = 9A152F2F1CB4C24A00EF35B5 /* AVIMEmotionMessage.m */; };
		9A152FFE1CB4C24A00EF35B5 /* LCIMMessage.m in Sources */ = {isa = PBXBuildFile; fileRef = 9A152F311CB4C24A00EF35B5 /* LCIMMessage.m */; };
		9A152FFF1CB4C24A00EF35B5 /* LCIMBaseConversationViewController.m in Sources */ = {isa = PBXBuildFile; fileRef = 9A152F361CB4C24A00EF35B5 /* LCIMBaseConversationViewController.m */; };
		9A1530001CB4C24A00EF35B5 /* LCIMBaseNavigationController.m in Sources */ = {isa = PBXBuildFile; fileRef = 9A152F381CB4C24A00EF35B5 /* LCIMBaseNavigationController.m */; };
		9A1530011CB4C24A00EF35B5 /* LCIMBaseViewController.m in Sources */ = {isa = PBXBuildFile; fileRef = 9A152F3A1CB4C24A00EF35B5 /* LCIMBaseViewController.m */; };
		9A1530021CB4C24A00EF35B5 /* LCIMConversationViewController.m in Sources */ = {isa = PBXBuildFile; fileRef = 9A152F3E1CB4C24A00EF35B5 /* LCIMConversationViewController.m */; };
		9A1530041CB4C24A00EF35B5 /* LCIMLocationController.m in Sources */ = {isa = PBXBuildFile; fileRef = 9A152F421CB4C24A00EF35B5 /* LCIMLocationController.m */; };
		9A1530051CB4C24A00EF35B5 /* LCIMTextFullScreenViewController.m in Sources */ = {isa = PBXBuildFile; fileRef = 9A152F441CB4C24A00EF35B5 /* LCIMTextFullScreenViewController.m */; };
		9A1530061CB4C24A00EF35B5 /* AVIMConversation+LCIMAddition.m in Sources */ = {isa = PBXBuildFile; fileRef = 9A152F471CB4C24A00EF35B5 /* AVIMConversation+LCIMAddition.m */; };
		9A1530071CB4C24A00EF35B5 /* LCIMConversationViewModel.m in Sources */ = {isa = PBXBuildFile; fileRef = 9A152F491CB4C24A00EF35B5 /* LCIMConversationViewModel.m */; };
		9A1530081CB4C24A00EF35B5 /* NSString+LCCKMD5.m in Sources */ = {isa = PBXBuildFile; fileRef = 9A152F4D1CB4C24A00EF35B5 /* NSString+LCCKMD5.m */; };
		9A1530091CB4C24A00EF35B5 /* LCIMAVAudioPlayer.m in Sources */ = {isa = PBXBuildFile; fileRef = 9A152F4F1CB4C24A00EF35B5 /* LCIMAVAudioPlayer.m */; };
		9A15300A1CB4C24A00EF35B5 /* LCIMBubbleImageFactory.m in Sources */ = {isa = PBXBuildFile; fileRef = 9A152F511CB4C24A00EF35B5 /* LCIMBubbleImageFactory.m */; };
		9A15300B1CB4C24A00EF35B5 /* LCIMCellIdentifierFactory.m in Sources */ = {isa = PBXBuildFile; fileRef = 9A152F531CB4C24A00EF35B5 /* LCIMCellIdentifierFactory.m */; };
		9A15300C1CB4C24A00EF35B5 /* LCIMCellRegisterController.m in Sources */ = {isa = PBXBuildFile; fileRef = 9A152F551CB4C24A00EF35B5 /* LCIMCellRegisterController.m */; };
		9A15300D1CB4C24A00EF35B5 /* LCIMFaceManager.m in Sources */ = {isa = PBXBuildFile; fileRef = 9A152F591CB4C24A00EF35B5 /* LCIMFaceManager.m */; };
		9A15300E1CB4C24A00EF35B5 /* LCIMLastMessageTypeManager.m in Sources */ = {isa = PBXBuildFile; fileRef = 9A152F5B1CB4C24A00EF35B5 /* LCIMLastMessageTypeManager.m */; };
		9A15300F1CB4C24A00EF35B5 /* LCIMLocationManager.m in Sources */ = {isa = PBXBuildFile; fileRef = 9A152F5D1CB4C24A00EF35B5 /* LCIMLocationManager.m */; };
		9A1530101CB4C24A00EF35B5 /* LCIMMessageVoiceFactory.m in Sources */ = {isa = PBXBuildFile; fileRef = 9A152F5F1CB4C24A00EF35B5 /* LCIMMessageVoiceFactory.m */; };
		9A1530111CB4C24A00EF35B5 /* LCIMSoundManager.m in Sources */ = {isa = PBXBuildFile; fileRef = 9A152F611CB4C24A00EF35B5 /* LCIMSoundManager.m */; };
		9A1530121CB4C24A00EF35B5 /* LCIMChatImageMessageCell.m in Sources */ = {isa = PBXBuildFile; fileRef = 9A152F651CB4C24A00EF35B5 /* LCIMChatImageMessageCell.m */; };
		9A1530131CB4C24A00EF35B5 /* LCIMChatLocationMessageCell.m in Sources */ = {isa = PBXBuildFile; fileRef = 9A152F671CB4C24A00EF35B5 /* LCIMChatLocationMessageCell.m */; };
		9A1530141CB4C24A00EF35B5 /* LCIMChatMessageCell.m in Sources */ = {isa = PBXBuildFile; fileRef = 9A152F691CB4C24A00EF35B5 /* LCIMChatMessageCell.m */; };
		9A1530151CB4C24A00EF35B5 /* LCIMChatSystemMessageCell.m in Sources */ = {isa = PBXBuildFile; fileRef = 9A152F6B1CB4C24A00EF35B5 /* LCIMChatSystemMessageCell.m */; };
		9A1530161CB4C24A00EF35B5 /* LCIMChatTextMessageCell.m in Sources */ = {isa = PBXBuildFile; fileRef = 9A152F6D1CB4C24A00EF35B5 /* LCIMChatTextMessageCell.m */; };
		9A1530171CB4C24A00EF35B5 /* LCIMChatVoiceMessageCell.m in Sources */ = {isa = PBXBuildFile; fileRef = 9A152F6F1CB4C24A00EF35B5 /* LCIMChatVoiceMessageCell.m */; };
		9A1530181CB4C24A00EF35B5 /* LCIMContentView.m in Sources */ = {isa = PBXBuildFile; fileRef = 9A152F711CB4C24A00EF35B5 /* LCIMContentView.m */; };
		9A1530191CB4C24A00EF35B5 /* LCIMSendImageView.m in Sources */ = {isa = PBXBuildFile; fileRef = 9A152F731CB4C24A00EF35B5 /* LCIMSendImageView.m */; };
		9A1530201CB4C24A00EF35B5 /* LCIMConversationListViewController.m in Sources */ = {isa = PBXBuildFile; fileRef = 9A152F831CB4C24A00EF35B5 /* LCIMConversationListViewController.m */; };
		9A1530211CB4C24A00EF35B5 /* LCIMConversationListViewModel.m in Sources */ = {isa = PBXBuildFile; fileRef = 9A152F861CB4C24A00EF35B5 /* LCIMConversationListViewModel.m */; };
		9A1530221CB4C24A00EF35B5 /* LCIMConversationListCell.m in Sources */ = {isa = PBXBuildFile; fileRef = 9A152F891CB4C24A00EF35B5 /* LCIMConversationListCell.m */; };
		9A1530231CB4C24A00EF35B5 /* BarButtonIcon.bundle in Resources */ = {isa = PBXBuildFile; fileRef = 9A152F8B1CB4C24A00EF35B5 /* BarButtonIcon.bundle */; };
		9A1530241CB4C24A00EF35B5 /* ChatKeyboard.bundle in Resources */ = {isa = PBXBuildFile; fileRef = 9A152F8C1CB4C24A00EF35B5 /* ChatKeyboard.bundle */; };
		9A1530251CB4C24A00EF35B5 /* Common.bundle in Resources */ = {isa = PBXBuildFile; fileRef = 9A152F8D1CB4C24A00EF35B5 /* Common.bundle */; };
		9A1530261CB4C24A00EF35B5 /* Emoji.bundle in Resources */ = {isa = PBXBuildFile; fileRef = 9A152F8E1CB4C24A00EF35B5 /* Emoji.bundle */; };
		9A1530271CB4C24A00EF35B5 /* GifMoticons.bundle in Resources */ = {isa = PBXBuildFile; fileRef = 9A152F8F1CB4C24A00EF35B5 /* GifMoticons.bundle */; };
		9A1530281CB4C24A00EF35B5 /* LCIMKitString.strings in Resources */ = {isa = PBXBuildFile; fileRef = 9A152F911CB4C24A00EF35B5 /* LCIMKitString.strings */; };
		9A1530291CB4C24A00EF35B5 /* MessageBubble.bundle in Resources */ = {isa = PBXBuildFile; fileRef = 9A152F941CB4C24A00EF35B5 /* MessageBubble.bundle */; };
		9A15302A1CB4C24A00EF35B5 /* Placeholder.bundle in Resources */ = {isa = PBXBuildFile; fileRef = 9A152F951CB4C24A00EF35B5 /* Placeholder.bundle */; };
		9A15302B1CB4C24A00EF35B5 /* VoiceMessageSource.bundle in Resources */ = {isa = PBXBuildFile; fileRef = 9A152F961CB4C24A00EF35B5 /* VoiceMessageSource.bundle */; };
		9A15302C1CB4C24A00EF35B5 /* LCIMConversationListService.m in Sources */ = {isa = PBXBuildFile; fileRef = 9A152F9E1CB4C24A00EF35B5 /* LCIMConversationListService.m */; };
		9A15302D1CB4C24A00EF35B5 /* LCIMConversationService.m in Sources */ = {isa = PBXBuildFile; fileRef = 9A152FA01CB4C24A00EF35B5 /* LCIMConversationService.m */; };
		9A15302E1CB4C24A00EF35B5 /* LCIMSessionService.m in Sources */ = {isa = PBXBuildFile; fileRef = 9A152FA21CB4C24A00EF35B5 /* LCIMSessionService.m */; };
		9A15302F1CB4C24A00EF35B5 /* LCIMSettingService.m in Sources */ = {isa = PBXBuildFile; fileRef = 9A152FA41CB4C24A00EF35B5 /* LCIMSettingService.m */; };
		9A1530301CB4C24A00EF35B5 /* LCIMSignatureService.m in Sources */ = {isa = PBXBuildFile; fileRef = 9A152FA61CB4C24A00EF35B5 /* LCIMSignatureService.m */; };
		9A1530311CB4C24A00EF35B5 /* LCIMUIService.m in Sources */ = {isa = PBXBuildFile; fileRef = 9A152FA81CB4C24A00EF35B5 /* LCIMUIService.m */; };
		9A1530321CB4C24A00EF35B5 /* LCIMUserSystemService.m in Sources */ = {isa = PBXBuildFile; fileRef = 9A152FAA1CB4C24A00EF35B5 /* LCIMUserSystemService.m */; };
		9A1530331CB4C24A00EF35B5 /* UITableViewCell+LCIMExtension.m in Sources */ = {isa = PBXBuildFile; fileRef = 9A152FAD1CB4C24A00EF35B5 /* UITableViewCell+LCIMExtension.m */; };
		9A1530341CB4C24A00EF35B5 /* UITableViewRowAction+LCIMExtension.m in Sources */ = {isa = PBXBuildFile; fileRef = 9A152FAF1CB4C24A00EF35B5 /* UITableViewRowAction+LCIMExtension.m */; };
		9A1530351CB4C24A00EF35B5 /* UITableViewRowAction.m in Sources */ = {isa = PBXBuildFile; fileRef = 9A152FB01CB4C24A00EF35B5 /* UITableViewRowAction.m */; };
		9A1530361CB4C24A00EF35B5 /* lame.framework in Frameworks */ = {isa = PBXBuildFile; fileRef = 9A152FB21CB4C24A00EF35B5 /* lame.framework */; };
		9A1530371CB4C24A00EF35B5 /* Mp3Recorder.m in Sources */ = {isa = PBXBuildFile; fileRef = 9A152FB41CB4C24A00EF35B5 /* Mp3Recorder.m */; };
		9A1530381CB4C24A00EF35B5 /* LCIMConversationRefreshHeader.m in Sources */ = {isa = PBXBuildFile; fileRef = 9A152FB71CB4C24A00EF35B5 /* LCIMConversationRefreshHeader.m */; };
		9A1530391CB4C24A00EF35B5 /* LCIMStatusView.m in Sources */ = {isa = PBXBuildFile; fileRef = 9A152FB91CB4C24A00EF35B5 /* LCIMStatusView.m */; };
		9A15303A1CB4C24A00EF35B5 /* LCIMKit.m in Sources */ = {isa = PBXBuildFile; fileRef = 9A152FBB1CB4C24A00EF35B5 /* LCIMKit.m */; };
		9A23ADDB1CE9C41D009461C7 /* LCCKBadgeView.m in Sources */ = {isa = PBXBuildFile; fileRef = 9A23ADDA1CE9C41D009461C7 /* LCCKBadgeView.m */; };
		9A23ADDE1CE9C43F009461C7 /* NSDate+LCCKDateTools.m in Sources */ = {isa = PBXBuildFile; fileRef = 9A23ADDD1CE9C43F009461C7 /* NSDate+LCCKDateTools.m */; };
		9A23ADE31CE9CB03009461C7 /* LCCKError.m in Sources */ = {isa = PBXBuildFile; fileRef = 9A23ADE21CE9CB03009461C7 /* LCCKError.m */; };
		9A23ADE61CE9CDBC009461C7 /* UIImageView+LCCKExtension.m in Sources */ = {isa = PBXBuildFile; fileRef = 9A23ADE51CE9CDBC009461C7 /* UIImageView+LCCKExtension.m */; };
		9A23ADED1CE9CE97009461C7 /* LCCKDeallocExecutor.m in Sources */ = {isa = PBXBuildFile; fileRef = 9A23ADEA1CE9CE97009461C7 /* LCCKDeallocExecutor.m */; };
		9A23ADEE1CE9CE97009461C7 /* NSObject+LCCKDeallocBlockExecutor.m in Sources */ = {isa = PBXBuildFile; fileRef = 9A23ADEC1CE9CE97009461C7 /* NSObject+LCCKDeallocBlockExecutor.m */; };
		9A23ADF11CE9D13A009461C7 /* LCCKSwipeView.m in Sources */ = {isa = PBXBuildFile; fileRef = 9A23ADF01CE9D13A009461C7 /* LCCKSwipeView.m */; };
		9A83AF0A1CD8A5BA001808A4 /* LCCKSingleton.m in Sources */ = {isa = PBXBuildFile; fileRef = 9A83AF091CD8A5BA001808A4 /* LCCKSingleton.m */; };
		9A8951241CCE8A0A00E295D0 /* LCIMLoginViewController.m in Sources */ = {isa = PBXBuildFile; fileRef = 9A89511E1CCE8A0A00E295D0 /* LCIMLoginViewController.m */; };
		9A8951251CCE8A0A00E295D0 /* LCIMLoginViewController.xib in Resources */ = {isa = PBXBuildFile; fileRef = 9A89511F1CCE8A0A00E295D0 /* LCIMLoginViewController.xib */; };
		9A8951261CCE8A0A00E295D0 /* LCIMLoginDataSource.m in Sources */ = {isa = PBXBuildFile; fileRef = 9A8951221CCE8A0A00E295D0 /* LCIMLoginDataSource.m */; };
		9A89516E1CCF468100E295D0 /* SystemConfiguration.framework in Frameworks */ = {isa = PBXBuildFile; fileRef = 9A89516D1CCF468100E295D0 /* SystemConfiguration.framework */; };
		9A8951701CCF468C00E295D0 /* MobileCoreServices.framework in Frameworks */ = {isa = PBXBuildFile; fileRef = 9A89516F1CCF468C00E295D0 /* MobileCoreServices.framework */; };
		9A8951721CCF469300E295D0 /* CoreTelephony.framework in Frameworks */ = {isa = PBXBuildFile; fileRef = 9A8951711CCF469300E295D0 /* CoreTelephony.framework */; };
		9A8951741CCF469B00E295D0 /* CoreLocation.framework in Frameworks */ = {isa = PBXBuildFile; fileRef = 9A8951731CCF469B00E295D0 /* CoreLocation.framework */; };
		B03B4DCA304BD2FA73DD23A3 /* libPods.a in Frameworks */ = {isa = PBXBuildFile; fileRef = 5F0ADEBDA5E2071F72D14147 /* libPods.a */; };
/* End PBXBuildFile section */

/* Begin PBXFileReference section */
		19D15C89E9A800BC9D6889DF /* Pods.release.xcconfig */ = {isa = PBXFileReference; includeInIndex = 1; lastKnownFileType = text.xcconfig; name = Pods.release.xcconfig; path = "Pods/Target Support Files/Pods/Pods.release.xcconfig"; sourceTree = "<group>"; };
		5F0ADEBDA5E2071F72D14147 /* libPods.a */ = {isa = PBXFileReference; explicitFileType = archive.ar; includeInIndex = 0; path = libPods.a; sourceTree = BUILT_PRODUCTS_DIR; };
		9A10878D1CDC94510063432D /* LCIMBaseTableViewController.h */ = {isa = PBXFileReference; fileEncoding = 4; lastKnownFileType = sourcecode.c.h; path = LCIMBaseTableViewController.h; sourceTree = "<group>"; };
		9A10878E1CDC94510063432D /* LCIMBaseTableViewController.m */ = {isa = PBXFileReference; fileEncoding = 4; lastKnownFileType = sourcecode.c.objc; path = LCIMBaseTableViewController.m; sourceTree = "<group>"; };
		9A11D3391CDCEF8900B3814B /* LCIMChatBar.h */ = {isa = PBXFileReference; fileEncoding = 4; lastKnownFileType = sourcecode.c.h; path = LCIMChatBar.h; sourceTree = "<group>"; };
		9A11D33A1CDCEF8900B3814B /* LCIMChatBar.m */ = {isa = PBXFileReference; fileEncoding = 4; lastKnownFileType = sourcecode.c.objc; path = LCIMChatBar.m; sourceTree = "<group>"; };
		9A11D33B1CDCEF8900B3814B /* LCIMChatFaceView.h */ = {isa = PBXFileReference; fileEncoding = 4; lastKnownFileType = sourcecode.c.h; path = LCIMChatFaceView.h; sourceTree = "<group>"; };
		9A11D33C1CDCEF8900B3814B /* LCIMChatFaceView.m */ = {isa = PBXFileReference; fileEncoding = 4; lastKnownFileType = sourcecode.c.objc; path = LCIMChatFaceView.m; sourceTree = "<group>"; };
		9A11D33D1CDCEF8900B3814B /* LCIMChatMoreItem.h */ = {isa = PBXFileReference; fileEncoding = 4; lastKnownFileType = sourcecode.c.h; path = LCIMChatMoreItem.h; sourceTree = "<group>"; };
		9A11D33E1CDCEF8900B3814B /* LCIMChatMoreItem.m */ = {isa = PBXFileReference; fileEncoding = 4; lastKnownFileType = sourcecode.c.objc; path = LCIMChatMoreItem.m; sourceTree = "<group>"; };
		9A11D33F1CDCEF8900B3814B /* LCIMChatMoreView.h */ = {isa = PBXFileReference; fileEncoding = 4; lastKnownFileType = sourcecode.c.h; path = LCIMChatMoreView.h; sourceTree = "<group>"; };
		9A11D3401CDCEF8900B3814B /* LCIMChatMoreView.m */ = {isa = PBXFileReference; fileEncoding = 4; lastKnownFileType = sourcecode.c.objc; path = LCIMChatMoreView.m; sourceTree = "<group>"; };
		9A11D3411CDCEF8900B3814B /* LCIMFacePageView.h */ = {isa = PBXFileReference; fileEncoding = 4; lastKnownFileType = sourcecode.c.h; path = LCIMFacePageView.h; sourceTree = "<group>"; };
		9A11D3421CDCEF8900B3814B /* LCIMFacePageView.m */ = {isa = PBXFileReference; fileEncoding = 4; lastKnownFileType = sourcecode.c.objc; path = LCIMFacePageView.m; sourceTree = "<group>"; };
		9A11D3431CDCEF8900B3814B /* LCIMProgressHUD.h */ = {isa = PBXFileReference; fileEncoding = 4; lastKnownFileType = sourcecode.c.h; path = LCIMProgressHUD.h; sourceTree = "<group>"; };
		9A11D3441CDCEF8900B3814B /* LCIMProgressHUD.m */ = {isa = PBXFileReference; fileEncoding = 4; lastKnownFileType = sourcecode.c.objc; path = LCIMProgressHUD.m; sourceTree = "<group>"; };
		9A11D34B1CDD1CC000B3814B /* UIImage+LCCKExtension.h */ = {isa = PBXFileReference; fileEncoding = 4; lastKnownFileType = sourcecode.c.h; path = "UIImage+LCCKExtension.h"; sourceTree = "<group>"; };
		9A11D34C1CDD1CC000B3814B /* UIImage+LCCKExtension.m */ = {isa = PBXFileReference; fileEncoding = 4; lastKnownFileType = sourcecode.c.objc; path = "UIImage+LCCKExtension.m"; sourceTree = "<group>"; };
		9A152DC01CB4B03600EF35B5 /* AppDelegate.h */ = {isa = PBXFileReference; fileEncoding = 4; lastKnownFileType = sourcecode.c.h; path = AppDelegate.h; sourceTree = "<group>"; };
		9A152DC11CB4B03600EF35B5 /* AppDelegate.m */ = {isa = PBXFileReference; fileEncoding = 4; lastKnownFileType = sourcecode.c.objc; path = AppDelegate.m; sourceTree = "<group>"; };
		9A152DC41CB4B03600EF35B5 /* LCIMUser.h */ = {isa = PBXFileReference; fileEncoding = 4; lastKnownFileType = sourcecode.c.h; path = LCIMUser.h; sourceTree = "<group>"; };
		9A152DC51CB4B03600EF35B5 /* LCIMUser.m */ = {isa = PBXFileReference; fileEncoding = 4; lastKnownFileType = sourcecode.c.objc; path = LCIMUser.m; sourceTree = "<group>"; };
		9A152DC91CB4B03600EF35B5 /* LCIMContactListController.h */ = {isa = PBXFileReference; fileEncoding = 4; lastKnownFileType = sourcecode.c.h; path = LCIMContactListController.h; sourceTree = "<group>"; };
		9A152DCA1CB4B03600EF35B5 /* LCIMContactListController.m */ = {isa = PBXFileReference; fileEncoding = 4; lastKnownFileType = sourcecode.c.objc; path = LCIMContactListController.m; sourceTree = "<group>"; };
		9A152DCC1CB4B03600EF35B5 /* LCIMContactManager.h */ = {isa = PBXFileReference; fileEncoding = 4; lastKnownFileType = sourcecode.c.h; path = LCIMContactManager.h; sourceTree = "<group>"; };
		9A152DCD1CB4B03600EF35B5 /* LCIMContactManager.m */ = {isa = PBXFileReference; fileEncoding = 4; lastKnownFileType = sourcecode.c.objc; path = LCIMContactManager.m; sourceTree = "<group>"; };
		9A152DCF1CB4B03600EF35B5 /* LCIMContactCell.h */ = {isa = PBXFileReference; fileEncoding = 4; lastKnownFileType = sourcecode.c.h; path = LCIMContactCell.h; sourceTree = "<group>"; };
		9A152DD01CB4B03600EF35B5 /* LCIMContactCell.m */ = {isa = PBXFileReference; fileEncoding = 4; lastKnownFileType = sourcecode.c.objc; path = LCIMContactCell.m; sourceTree = "<group>"; };
		9A152DD11CB4B03600EF35B5 /* LCIMContactCell.xib */ = {isa = PBXFileReference; fileEncoding = 4; lastKnownFileType = file.xib; path = LCIMContactCell.xib; sourceTree = "<group>"; };
		9A152DD41CB4B03600EF35B5 /* LCIMMapViewController.h */ = {isa = PBXFileReference; fileEncoding = 4; lastKnownFileType = sourcecode.c.h; path = LCIMMapViewController.h; sourceTree = "<group>"; };
		9A152DD51CB4B03600EF35B5 /* LCIMMapViewController.m */ = {isa = PBXFileReference; fileEncoding = 4; lastKnownFileType = sourcecode.c.objc; path = LCIMMapViewController.m; sourceTree = "<group>"; };
		9A152DD61CB4B03600EF35B5 /* LCIMConstantsDefinition.h */ = {isa = PBXFileReference; fileEncoding = 4; lastKnownFileType = sourcecode.c.h; path = LCIMConstantsDefinition.h; sourceTree = "<group>"; };
		9A152DD71CB4B03600EF35B5 /* LCIMKitExample.h */ = {isa = PBXFileReference; fileEncoding = 4; lastKnownFileType = sourcecode.c.h; path = LCIMKitExample.h; sourceTree = "<group>"; };
		9A152DD81CB4B03600EF35B5 /* LCIMKitExample.m */ = {isa = PBXFileReference; fileEncoding = 4; lastKnownFileType = sourcecode.c.objc; path = LCIMKitExample.m; sourceTree = "<group>"; };
		9A152DD91CB4B03600EF35B5 /* LCIMUtil.h */ = {isa = PBXFileReference; fileEncoding = 4; lastKnownFileType = sourcecode.c.h; path = LCIMUtil.h; sourceTree = "<group>"; };
		9A152DDA1CB4B03600EF35B5 /* LCIMUtil.m */ = {isa = PBXFileReference; fileEncoding = 4; lastKnownFileType = sourcecode.c.objc; path = LCIMUtil.m; sourceTree = "<group>"; };
		9A152DDC1CB4B03600EF35B5 /* LCIMPlusButtonSubclass.h */ = {isa = PBXFileReference; fileEncoding = 4; lastKnownFileType = sourcecode.c.h; path = LCIMPlusButtonSubclass.h; sourceTree = "<group>"; };
		9A152DDD1CB4B03600EF35B5 /* LCIMPlusButtonSubclass.m */ = {isa = PBXFileReference; fileEncoding = 4; lastKnownFileType = sourcecode.c.objc; path = LCIMPlusButtonSubclass.m; sourceTree = "<group>"; };
		9A152DDF1CB4B03600EF35B5 /* Assets.xcassets */ = {isa = PBXFileReference; lastKnownFileType = folder.assetcatalog; path = Assets.xcassets; sourceTree = "<group>"; };
		9A152DE11CB4B03600EF35B5 /* Base */ = {isa = PBXFileReference; lastKnownFileType = file.storyboard; name = Base; path = Base.lproj/LaunchScreen.storyboard; sourceTree = "<group>"; };
		9A152DE21CB4B03600EF35B5 /* Info.plist */ = {isa = PBXFileReference; fileEncoding = 4; lastKnownFileType = text.plist.xml; path = Info.plist; sourceTree = "<group>"; };
		9A152DE31CB4B03600EF35B5 /* main.m */ = {isa = PBXFileReference; fileEncoding = 4; lastKnownFileType = sourcecode.c.objc; path = main.m; sourceTree = "<group>"; };
		9A152DE61CB4B03600EF35B5 /* NSObject+LCCKHUD.h */ = {isa = PBXFileReference; fileEncoding = 4; lastKnownFileType = sourcecode.c.h; path = "NSObject+LCCKHUD.h"; sourceTree = "<group>"; };
		9A152DE71CB4B03600EF35B5 /* NSObject+LCCKHUD.m */ = {isa = PBXFileReference; fileEncoding = 4; lastKnownFileType = sourcecode.c.objc; path = "NSObject+LCCKHUD.m"; sourceTree = "<group>"; };
		9A152DE81CB4B03600EF35B5 /* MBProgressHUD.bundle */ = {isa = PBXFileReference; lastKnownFileType = "wrapper.plug-in"; path = MBProgressHUD.bundle; sourceTree = "<group>"; };
		9A152DE91CB4B03600EF35B5 /* LCIMTabBarControllerConfig.h */ = {isa = PBXFileReference; fileEncoding = 4; lastKnownFileType = sourcecode.c.h; path = LCIMTabBarControllerConfig.h; sourceTree = "<group>"; };
		9A152DEA1CB4B03600EF35B5 /* LCIMTabBarControllerConfig.m */ = {isa = PBXFileReference; fileEncoding = 4; lastKnownFileType = sourcecode.c.objc; path = LCIMTabBarControllerConfig.m; sourceTree = "<group>"; };
		9A152F2E1CB4C24A00EF35B5 /* AVIMEmotionMessage.h */ = {isa = PBXFileReference; fileEncoding = 4; lastKnownFileType = sourcecode.c.h; path = AVIMEmotionMessage.h; sourceTree = "<group>"; };
		9A152F2F1CB4C24A00EF35B5 /* AVIMEmotionMessage.m */ = {isa = PBXFileReference; fileEncoding = 4; lastKnownFileType = sourcecode.c.objc; path = AVIMEmotionMessage.m; sourceTree = "<group>"; };
		9A152F301CB4C24A00EF35B5 /* LCIMMessage.h */ = {isa = PBXFileReference; fileEncoding = 4; lastKnownFileType = sourcecode.c.h; path = LCIMMessage.h; sourceTree = "<group>"; };
		9A152F311CB4C24A00EF35B5 /* LCIMMessage.m */ = {isa = PBXFileReference; fileEncoding = 4; lastKnownFileType = sourcecode.c.objc; path = LCIMMessage.m; sourceTree = "<group>"; };
		9A152F321CB4C24A00EF35B5 /* LCIMUserModelDelegate.h */ = {isa = PBXFileReference; fileEncoding = 4; lastKnownFileType = sourcecode.c.h; path = LCIMUserModelDelegate.h; sourceTree = "<group>"; };
		9A152F351CB4C24A00EF35B5 /* LCIMBaseConversationViewController.h */ = {isa = PBXFileReference; fileEncoding = 4; lastKnownFileType = sourcecode.c.h; path = LCIMBaseConversationViewController.h; sourceTree = "<group>"; };
		9A152F361CB4C24A00EF35B5 /* LCIMBaseConversationViewController.m */ = {isa = PBXFileReference; fileEncoding = 4; lastKnownFileType = sourcecode.c.objc; path = LCIMBaseConversationViewController.m; sourceTree = "<group>"; };
		9A152F371CB4C24A00EF35B5 /* LCIMBaseNavigationController.h */ = {isa = PBXFileReference; fileEncoding = 4; lastKnownFileType = sourcecode.c.h; path = LCIMBaseNavigationController.h; sourceTree = "<group>"; };
		9A152F381CB4C24A00EF35B5 /* LCIMBaseNavigationController.m */ = {isa = PBXFileReference; fileEncoding = 4; lastKnownFileType = sourcecode.c.objc; path = LCIMBaseNavigationController.m; sourceTree = "<group>"; };
		9A152F391CB4C24A00EF35B5 /* LCIMBaseViewController.h */ = {isa = PBXFileReference; fileEncoding = 4; lastKnownFileType = sourcecode.c.h; path = LCIMBaseViewController.h; sourceTree = "<group>"; };
		9A152F3A1CB4C24A00EF35B5 /* LCIMBaseViewController.m */ = {isa = PBXFileReference; fileEncoding = 4; lastKnownFileType = sourcecode.c.objc; path = LCIMBaseViewController.m; sourceTree = "<group>"; };
		9A152F3D1CB4C24A00EF35B5 /* LCIMConversationViewController.h */ = {isa = PBXFileReference; fileEncoding = 4; lastKnownFileType = sourcecode.c.h; path = LCIMConversationViewController.h; sourceTree = "<group>"; };
		9A152F3E1CB4C24A00EF35B5 /* LCIMConversationViewController.m */ = {isa = PBXFileReference; fileEncoding = 4; lastKnownFileType = sourcecode.c.objc; path = LCIMConversationViewController.m; sourceTree = "<group>"; };
		9A152F411CB4C24A00EF35B5 /* LCIMLocationController.h */ = {isa = PBXFileReference; fileEncoding = 4; lastKnownFileType = sourcecode.c.h; path = LCIMLocationController.h; sourceTree = "<group>"; };
		9A152F421CB4C24A00EF35B5 /* LCIMLocationController.m */ = {isa = PBXFileReference; fileEncoding = 4; lastKnownFileType = sourcecode.c.objc; path = LCIMLocationController.m; sourceTree = "<group>"; };
		9A152F431CB4C24A00EF35B5 /* LCIMTextFullScreenViewController.h */ = {isa = PBXFileReference; fileEncoding = 4; lastKnownFileType = sourcecode.c.h; path = LCIMTextFullScreenViewController.h; sourceTree = "<group>"; };
		9A152F441CB4C24A00EF35B5 /* LCIMTextFullScreenViewController.m */ = {isa = PBXFileReference; fileEncoding = 4; lastKnownFileType = sourcecode.c.objc; path = LCIMTextFullScreenViewController.m; sourceTree = "<group>"; };
		9A152F461CB4C24A00EF35B5 /* AVIMConversation+LCIMAddition.h */ = {isa = PBXFileReference; fileEncoding = 4; lastKnownFileType = sourcecode.c.h; path = "AVIMConversation+LCIMAddition.h"; sourceTree = "<group>"; };
		9A152F471CB4C24A00EF35B5 /* AVIMConversation+LCIMAddition.m */ = {isa = PBXFileReference; fileEncoding = 4; lastKnownFileType = sourcecode.c.objc; path = "AVIMConversation+LCIMAddition.m"; sourceTree = "<group>"; };
		9A152F481CB4C24A00EF35B5 /* LCIMConversationViewModel.h */ = {isa = PBXFileReference; fileEncoding = 4; lastKnownFileType = sourcecode.c.h; path = LCIMConversationViewModel.h; sourceTree = "<group>"; };
		9A152F491CB4C24A00EF35B5 /* LCIMConversationViewModel.m */ = {isa = PBXFileReference; fileEncoding = 4; lastKnownFileType = sourcecode.c.objc; path = LCIMConversationViewModel.m; sourceTree = "<group>"; };
		9A152F4C1CB4C24A00EF35B5 /* NSString+LCCKMD5.h */ = {isa = PBXFileReference; fileEncoding = 4; lastKnownFileType = sourcecode.c.h; path = "NSString+LCCKMD5.h"; sourceTree = "<group>"; };
		9A152F4D1CB4C24A00EF35B5 /* NSString+LCCKMD5.m */ = {isa = PBXFileReference; fileEncoding = 4; lastKnownFileType = sourcecode.c.objc; path = "NSString+LCCKMD5.m"; sourceTree = "<group>"; };
		9A152F4E1CB4C24A00EF35B5 /* LCIMAVAudioPlayer.h */ = {isa = PBXFileReference; fileEncoding = 4; lastKnownFileType = sourcecode.c.h; path = LCIMAVAudioPlayer.h; sourceTree = "<group>"; };
		9A152F4F1CB4C24A00EF35B5 /* LCIMAVAudioPlayer.m */ = {isa = PBXFileReference; fileEncoding = 4; lastKnownFileType = sourcecode.c.objc; path = LCIMAVAudioPlayer.m; sourceTree = "<group>"; };
		9A152F501CB4C24A00EF35B5 /* LCIMBubbleImageFactory.h */ = {isa = PBXFileReference; fileEncoding = 4; lastKnownFileType = sourcecode.c.h; path = LCIMBubbleImageFactory.h; sourceTree = "<group>"; };
		9A152F511CB4C24A00EF35B5 /* LCIMBubbleImageFactory.m */ = {isa = PBXFileReference; fileEncoding = 4; lastKnownFileType = sourcecode.c.objc; path = LCIMBubbleImageFactory.m; sourceTree = "<group>"; };
		9A152F521CB4C24A00EF35B5 /* LCIMCellIdentifierFactory.h */ = {isa = PBXFileReference; fileEncoding = 4; lastKnownFileType = sourcecode.c.h; path = LCIMCellIdentifierFactory.h; sourceTree = "<group>"; };
		9A152F531CB4C24A00EF35B5 /* LCIMCellIdentifierFactory.m */ = {isa = PBXFileReference; fileEncoding = 4; lastKnownFileType = sourcecode.c.objc; path = LCIMCellIdentifierFactory.m; sourceTree = "<group>"; };
		9A152F541CB4C24A00EF35B5 /* LCIMCellRegisterController.h */ = {isa = PBXFileReference; fileEncoding = 4; lastKnownFileType = sourcecode.c.h; path = LCIMCellRegisterController.h; sourceTree = "<group>"; };
		9A152F551CB4C24A00EF35B5 /* LCIMCellRegisterController.m */ = {isa = PBXFileReference; fileEncoding = 4; lastKnownFileType = sourcecode.c.objc; path = LCIMCellRegisterController.m; sourceTree = "<group>"; };
		9A152F561CB4C24A00EF35B5 /* LCIMChat.h */ = {isa = PBXFileReference; fileEncoding = 4; lastKnownFileType = sourcecode.c.h; path = LCIMChat.h; sourceTree = "<group>"; };
		9A152F571CB4C24A00EF35B5 /* LCIMChatUntiles.h */ = {isa = PBXFileReference; fileEncoding = 4; lastKnownFileType = sourcecode.c.h; path = LCIMChatUntiles.h; sourceTree = "<group>"; };
		9A152F581CB4C24A00EF35B5 /* LCIMFaceManager.h */ = {isa = PBXFileReference; fileEncoding = 4; lastKnownFileType = sourcecode.c.h; path = LCIMFaceManager.h; sourceTree = "<group>"; };
		9A152F591CB4C24A00EF35B5 /* LCIMFaceManager.m */ = {isa = PBXFileReference; fileEncoding = 4; lastKnownFileType = sourcecode.c.objc; path = LCIMFaceManager.m; sourceTree = "<group>"; };
		9A152F5A1CB4C24A00EF35B5 /* LCIMLastMessageTypeManager.h */ = {isa = PBXFileReference; fileEncoding = 4; lastKnownFileType = sourcecode.c.h; path = LCIMLastMessageTypeManager.h; sourceTree = "<group>"; };
		9A152F5B1CB4C24A00EF35B5 /* LCIMLastMessageTypeManager.m */ = {isa = PBXFileReference; fileEncoding = 4; lastKnownFileType = sourcecode.c.objc; path = LCIMLastMessageTypeManager.m; sourceTree = "<group>"; };
		9A152F5C1CB4C24A00EF35B5 /* LCIMLocationManager.h */ = {isa = PBXFileReference; fileEncoding = 4; lastKnownFileType = sourcecode.c.h; path = LCIMLocationManager.h; sourceTree = "<group>"; };
		9A152F5D1CB4C24A00EF35B5 /* LCIMLocationManager.m */ = {isa = PBXFileReference; fileEncoding = 4; lastKnownFileType = sourcecode.c.objc; path = LCIMLocationManager.m; sourceTree = "<group>"; };
		9A152F5E1CB4C24A00EF35B5 /* LCIMMessageVoiceFactory.h */ = {isa = PBXFileReference; fileEncoding = 4; lastKnownFileType = sourcecode.c.h; path = LCIMMessageVoiceFactory.h; sourceTree = "<group>"; };
		9A152F5F1CB4C24A00EF35B5 /* LCIMMessageVoiceFactory.m */ = {isa = PBXFileReference; fileEncoding = 4; lastKnownFileType = sourcecode.c.objc; path = LCIMMessageVoiceFactory.m; sourceTree = "<group>"; };
		9A152F601CB4C24A00EF35B5 /* LCIMSoundManager.h */ = {isa = PBXFileReference; fileEncoding = 4; lastKnownFileType = sourcecode.c.h; path = LCIMSoundManager.h; sourceTree = "<group>"; };
		9A152F611CB4C24A00EF35B5 /* LCIMSoundManager.m */ = {isa = PBXFileReference; fileEncoding = 4; lastKnownFileType = sourcecode.c.objc; path = LCIMSoundManager.m; sourceTree = "<group>"; };
		9A152F641CB4C24A00EF35B5 /* LCIMChatImageMessageCell.h */ = {isa = PBXFileReference; fileEncoding = 4; lastKnownFileType = sourcecode.c.h; path = LCIMChatImageMessageCell.h; sourceTree = "<group>"; };
		9A152F651CB4C24A00EF35B5 /* LCIMChatImageMessageCell.m */ = {isa = PBXFileReference; fileEncoding = 4; lastKnownFileType = sourcecode.c.objc; path = LCIMChatImageMessageCell.m; sourceTree = "<group>"; };
		9A152F661CB4C24A00EF35B5 /* LCIMChatLocationMessageCell.h */ = {isa = PBXFileReference; fileEncoding = 4; lastKnownFileType = sourcecode.c.h; path = LCIMChatLocationMessageCell.h; sourceTree = "<group>"; };
		9A152F671CB4C24A00EF35B5 /* LCIMChatLocationMessageCell.m */ = {isa = PBXFileReference; fileEncoding = 4; lastKnownFileType = sourcecode.c.objc; path = LCIMChatLocationMessageCell.m; sourceTree = "<group>"; };
		9A152F681CB4C24A00EF35B5 /* LCIMChatMessageCell.h */ = {isa = PBXFileReference; fileEncoding = 4; lastKnownFileType = sourcecode.c.h; path = LCIMChatMessageCell.h; sourceTree = "<group>"; };
		9A152F691CB4C24A00EF35B5 /* LCIMChatMessageCell.m */ = {isa = PBXFileReference; fileEncoding = 4; lastKnownFileType = sourcecode.c.objc; path = LCIMChatMessageCell.m; sourceTree = "<group>"; };
		9A152F6A1CB4C24A00EF35B5 /* LCIMChatSystemMessageCell.h */ = {isa = PBXFileReference; fileEncoding = 4; lastKnownFileType = sourcecode.c.h; path = LCIMChatSystemMessageCell.h; sourceTree = "<group>"; };
		9A152F6B1CB4C24A00EF35B5 /* LCIMChatSystemMessageCell.m */ = {isa = PBXFileReference; fileEncoding = 4; lastKnownFileType = sourcecode.c.objc; path = LCIMChatSystemMessageCell.m; sourceTree = "<group>"; };
		9A152F6C1CB4C24A00EF35B5 /* LCIMChatTextMessageCell.h */ = {isa = PBXFileReference; fileEncoding = 4; lastKnownFileType = sourcecode.c.h; path = LCIMChatTextMessageCell.h; sourceTree = "<group>"; };
		9A152F6D1CB4C24A00EF35B5 /* LCIMChatTextMessageCell.m */ = {isa = PBXFileReference; fileEncoding = 4; lastKnownFileType = sourcecode.c.objc; path = LCIMChatTextMessageCell.m; sourceTree = "<group>"; };
		9A152F6E1CB4C24A00EF35B5 /* LCIMChatVoiceMessageCell.h */ = {isa = PBXFileReference; fileEncoding = 4; lastKnownFileType = sourcecode.c.h; path = LCIMChatVoiceMessageCell.h; sourceTree = "<group>"; };
		9A152F6F1CB4C24A00EF35B5 /* LCIMChatVoiceMessageCell.m */ = {isa = PBXFileReference; fileEncoding = 4; lastKnownFileType = sourcecode.c.objc; path = LCIMChatVoiceMessageCell.m; sourceTree = "<group>"; };
		9A152F701CB4C24A00EF35B5 /* LCIMContentView.h */ = {isa = PBXFileReference; fileEncoding = 4; lastKnownFileType = sourcecode.c.h; path = LCIMContentView.h; sourceTree = "<group>"; };
		9A152F711CB4C24A00EF35B5 /* LCIMContentView.m */ = {isa = PBXFileReference; fileEncoding = 4; lastKnownFileType = sourcecode.c.objc; path = LCIMContentView.m; sourceTree = "<group>"; };
		9A152F721CB4C24A00EF35B5 /* LCIMSendImageView.h */ = {isa = PBXFileReference; fileEncoding = 4; lastKnownFileType = sourcecode.c.h; path = LCIMSendImageView.h; sourceTree = "<group>"; };
		9A152F731CB4C24A00EF35B5 /* LCIMSendImageView.m */ = {isa = PBXFileReference; fileEncoding = 4; lastKnownFileType = sourcecode.c.objc; path = LCIMSendImageView.m; sourceTree = "<group>"; };
		9A152F821CB4C24A00EF35B5 /* LCIMConversationListViewController.h */ = {isa = PBXFileReference; fileEncoding = 4; lastKnownFileType = sourcecode.c.h; path = LCIMConversationListViewController.h; sourceTree = "<group>"; };
		9A152F831CB4C24A00EF35B5 /* LCIMConversationListViewController.m */ = {isa = PBXFileReference; fileEncoding = 4; lastKnownFileType = sourcecode.c.objc; path = LCIMConversationListViewController.m; sourceTree = "<group>"; };
		9A152F851CB4C24A00EF35B5 /* LCIMConversationListViewModel.h */ = {isa = PBXFileReference; fileEncoding = 4; lastKnownFileType = sourcecode.c.h; path = LCIMConversationListViewModel.h; sourceTree = "<group>"; };
		9A152F861CB4C24A00EF35B5 /* LCIMConversationListViewModel.m */ = {isa = PBXFileReference; fileEncoding = 4; lastKnownFileType = sourcecode.c.objc; path = LCIMConversationListViewModel.m; sourceTree = "<group>"; };
		9A152F881CB4C24A00EF35B5 /* LCIMConversationListCell.h */ = {isa = PBXFileReference; fileEncoding = 4; lastKnownFileType = sourcecode.c.h; path = LCIMConversationListCell.h; sourceTree = "<group>"; };
		9A152F891CB4C24A00EF35B5 /* LCIMConversationListCell.m */ = {isa = PBXFileReference; fileEncoding = 4; lastKnownFileType = sourcecode.c.objc; path = LCIMConversationListCell.m; sourceTree = "<group>"; };
		9A152F8B1CB4C24A00EF35B5 /* BarButtonIcon.bundle */ = {isa = PBXFileReference; lastKnownFileType = "wrapper.plug-in"; path = BarButtonIcon.bundle; sourceTree = "<group>"; };
		9A152F8C1CB4C24A00EF35B5 /* ChatKeyboard.bundle */ = {isa = PBXFileReference; lastKnownFileType = "wrapper.plug-in"; path = ChatKeyboard.bundle; sourceTree = "<group>"; };
		9A152F8D1CB4C24A00EF35B5 /* Common.bundle */ = {isa = PBXFileReference; lastKnownFileType = "wrapper.plug-in"; path = Common.bundle; sourceTree = "<group>"; };
		9A152F8E1CB4C24A00EF35B5 /* Emoji.bundle */ = {isa = PBXFileReference; lastKnownFileType = "wrapper.plug-in"; path = Emoji.bundle; sourceTree = "<group>"; };
		9A152F8F1CB4C24A00EF35B5 /* GifMoticons.bundle */ = {isa = PBXFileReference; lastKnownFileType = "wrapper.plug-in"; path = GifMoticons.bundle; sourceTree = "<group>"; };
		9A152F921CB4C24A00EF35B5 /* en */ = {isa = PBXFileReference; lastKnownFileType = text.plist.strings; name = en; path = en.lproj/LCIMKitString.strings; sourceTree = "<group>"; };
		9A152F931CB4C24A00EF35B5 /* zh-Hans */ = {isa = PBXFileReference; lastKnownFileType = text.plist.strings; name = "zh-Hans"; path = "zh-Hans.lproj/LCIMKitString.strings"; sourceTree = "<group>"; };
		9A152F941CB4C24A00EF35B5 /* MessageBubble.bundle */ = {isa = PBXFileReference; lastKnownFileType = "wrapper.plug-in"; path = MessageBubble.bundle; sourceTree = "<group>"; };
		9A152F951CB4C24A00EF35B5 /* Placeholder.bundle */ = {isa = PBXFileReference; lastKnownFileType = "wrapper.plug-in"; path = Placeholder.bundle; sourceTree = "<group>"; };
		9A152F961CB4C24A00EF35B5 /* VoiceMessageSource.bundle */ = {isa = PBXFileReference; lastKnownFileType = "wrapper.plug-in"; path = VoiceMessageSource.bundle; sourceTree = "<group>"; };
		9A152F981CB4C24A00EF35B5 /* IMKitHeaders.h */ = {isa = PBXFileReference; fileEncoding = 4; lastKnownFileType = sourcecode.c.h; path = IMKitHeaders.h; sourceTree = "<group>"; };
		9A152F991CB4C24A00EF35B5 /* LCIMConstants.h */ = {isa = PBXFileReference; fileEncoding = 4; lastKnownFileType = sourcecode.c.h; path = LCIMConstants.h; sourceTree = "<group>"; };
		9A152F9A1CB4C24A00EF35B5 /* LCIMKit_Internal.h */ = {isa = PBXFileReference; fileEncoding = 4; lastKnownFileType = sourcecode.c.h; path = LCIMKit_Internal.h; sourceTree = "<group>"; };
		9A152F9B1CB4C24A00EF35B5 /* LCIMServiceDefinition.h */ = {isa = PBXFileReference; fileEncoding = 4; lastKnownFileType = sourcecode.c.h; path = LCIMServiceDefinition.h; sourceTree = "<group>"; };
		9A152F9D1CB4C24A00EF35B5 /* LCIMConversationListService.h */ = {isa = PBXFileReference; fileEncoding = 4; lastKnownFileType = sourcecode.c.h; path = LCIMConversationListService.h; sourceTree = "<group>"; };
		9A152F9E1CB4C24A00EF35B5 /* LCIMConversationListService.m */ = {isa = PBXFileReference; fileEncoding = 4; lastKnownFileType = sourcecode.c.objc; path = LCIMConversationListService.m; sourceTree = "<group>"; };
		9A152F9F1CB4C24A00EF35B5 /* LCIMConversationService.h */ = {isa = PBXFileReference; fileEncoding = 4; lastKnownFileType = sourcecode.c.h; path = LCIMConversationService.h; sourceTree = "<group>"; };
		9A152FA01CB4C24A00EF35B5 /* LCIMConversationService.m */ = {isa = PBXFileReference; fileEncoding = 4; lastKnownFileType = sourcecode.c.objc; path = LCIMConversationService.m; sourceTree = "<group>"; };
		9A152FA11CB4C24A00EF35B5 /* LCIMSessionService.h */ = {isa = PBXFileReference; fileEncoding = 4; lastKnownFileType = sourcecode.c.h; path = LCIMSessionService.h; sourceTree = "<group>"; };
		9A152FA21CB4C24A00EF35B5 /* LCIMSessionService.m */ = {isa = PBXFileReference; fileEncoding = 4; lastKnownFileType = sourcecode.c.objc; path = LCIMSessionService.m; sourceTree = "<group>"; };
		9A152FA31CB4C24A00EF35B5 /* LCIMSettingService.h */ = {isa = PBXFileReference; fileEncoding = 4; lastKnownFileType = sourcecode.c.h; path = LCIMSettingService.h; sourceTree = "<group>"; };
		9A152FA41CB4C24A00EF35B5 /* LCIMSettingService.m */ = {isa = PBXFileReference; fileEncoding = 4; lastKnownFileType = sourcecode.c.objc; path = LCIMSettingService.m; sourceTree = "<group>"; };
		9A152FA51CB4C24A00EF35B5 /* LCIMSignatureService.h */ = {isa = PBXFileReference; fileEncoding = 4; lastKnownFileType = sourcecode.c.h; path = LCIMSignatureService.h; sourceTree = "<group>"; };
		9A152FA61CB4C24A00EF35B5 /* LCIMSignatureService.m */ = {isa = PBXFileReference; fileEncoding = 4; lastKnownFileType = sourcecode.c.objc; path = LCIMSignatureService.m; sourceTree = "<group>"; };
		9A152FA71CB4C24A00EF35B5 /* LCIMUIService.h */ = {isa = PBXFileReference; fileEncoding = 4; lastKnownFileType = sourcecode.c.h; path = LCIMUIService.h; sourceTree = "<group>"; };
		9A152FA81CB4C24A00EF35B5 /* LCIMUIService.m */ = {isa = PBXFileReference; fileEncoding = 4; lastKnownFileType = sourcecode.c.objc; path = LCIMUIService.m; sourceTree = "<group>"; };
		9A152FA91CB4C24A00EF35B5 /* LCIMUserSystemService.h */ = {isa = PBXFileReference; fileEncoding = 4; lastKnownFileType = sourcecode.c.h; path = LCIMUserSystemService.h; sourceTree = "<group>"; };
		9A152FAA1CB4C24A00EF35B5 /* LCIMUserSystemService.m */ = {isa = PBXFileReference; fileEncoding = 4; lastKnownFileType = sourcecode.c.objc; path = LCIMUserSystemService.m; sourceTree = "<group>"; };
		9A152FAD1CB4C24A00EF35B5 /* UITableViewCell+LCIMExtension.m */ = {isa = PBXFileReference; fileEncoding = 4; lastKnownFileType = sourcecode.c.objc; path = "UITableViewCell+LCIMExtension.m"; sourceTree = "<group>"; };
		9A152FAE1CB4C24A00EF35B5 /* UITableViewRowAction+LCIMExtension.h */ = {isa = PBXFileReference; fileEncoding = 4; lastKnownFileType = sourcecode.c.h; path = "UITableViewRowAction+LCIMExtension.h"; sourceTree = "<group>"; };
		9A152FAF1CB4C24A00EF35B5 /* UITableViewRowAction+LCIMExtension.m */ = {isa = PBXFileReference; fileEncoding = 4; lastKnownFileType = sourcecode.c.objc; path = "UITableViewRowAction+LCIMExtension.m"; sourceTree = "<group>"; };
		9A152FB01CB4C24A00EF35B5 /* UITableViewRowAction.m */ = {isa = PBXFileReference; fileEncoding = 4; lastKnownFileType = sourcecode.c.objc; path = UITableViewRowAction.m; sourceTree = "<group>"; };
		9A152FB21CB4C24A00EF35B5 /* lame.framework */ = {isa = PBXFileReference; lastKnownFileType = wrapper.framework; path = lame.framework; sourceTree = "<group>"; };
		9A152FB31CB4C24A00EF35B5 /* Mp3Recorder.h */ = {isa = PBXFileReference; fileEncoding = 4; lastKnownFileType = sourcecode.c.h; path = Mp3Recorder.h; sourceTree = "<group>"; };
		9A152FB41CB4C24A00EF35B5 /* Mp3Recorder.m */ = {isa = PBXFileReference; fileEncoding = 4; lastKnownFileType = sourcecode.c.objc; path = Mp3Recorder.m; sourceTree = "<group>"; };
		9A152FB61CB4C24A00EF35B5 /* LCIMConversationRefreshHeader.h */ = {isa = PBXFileReference; fileEncoding = 4; lastKnownFileType = sourcecode.c.h; path = LCIMConversationRefreshHeader.h; sourceTree = "<group>"; };
		9A152FB71CB4C24A00EF35B5 /* LCIMConversationRefreshHeader.m */ = {isa = PBXFileReference; fileEncoding = 4; lastKnownFileType = sourcecode.c.objc; path = LCIMConversationRefreshHeader.m; sourceTree = "<group>"; };
		9A152FB81CB4C24A00EF35B5 /* LCIMStatusView.h */ = {isa = PBXFileReference; fileEncoding = 4; lastKnownFileType = sourcecode.c.h; path = LCIMStatusView.h; sourceTree = "<group>"; };
		9A152FB91CB4C24A00EF35B5 /* LCIMStatusView.m */ = {isa = PBXFileReference; fileEncoding = 4; lastKnownFileType = sourcecode.c.objc; path = LCIMStatusView.m; sourceTree = "<group>"; };
		9A152FBA1CB4C24A00EF35B5 /* LCIMKit.h */ = {isa = PBXFileReference; fileEncoding = 4; lastKnownFileType = sourcecode.c.h; path = LCIMKit.h; sourceTree = "<group>"; };
		9A152FBB1CB4C24A00EF35B5 /* LCIMKit.m */ = {isa = PBXFileReference; fileEncoding = 4; lastKnownFileType = sourcecode.c.objc; path = LCIMKit.m; sourceTree = "<group>"; };
		9A23ADD91CE9C41D009461C7 /* LCCKBadgeView.h */ = {isa = PBXFileReference; fileEncoding = 4; lastKnownFileType = sourcecode.c.h; path = LCCKBadgeView.h; sourceTree = "<group>"; };
		9A23ADDA1CE9C41D009461C7 /* LCCKBadgeView.m */ = {isa = PBXFileReference; fileEncoding = 4; lastKnownFileType = sourcecode.c.objc; path = LCCKBadgeView.m; sourceTree = "<group>"; };
		9A23ADDC1CE9C43F009461C7 /* NSDate+LCCKDateTools.h */ = {isa = PBXFileReference; fileEncoding = 4; lastKnownFileType = sourcecode.c.h; path = "NSDate+LCCKDateTools.h"; sourceTree = "<group>"; };
		9A23ADDD1CE9C43F009461C7 /* NSDate+LCCKDateTools.m */ = {isa = PBXFileReference; fileEncoding = 4; lastKnownFileType = sourcecode.c.objc; path = "NSDate+LCCKDateTools.m"; sourceTree = "<group>"; };
		9A23ADDF1CE9CA8D009461C7 /* LCCKDateToolsConstants.h */ = {isa = PBXFileReference; fileEncoding = 4; lastKnownFileType = sourcecode.c.h; path = LCCKDateToolsConstants.h; sourceTree = "<group>"; };
		9A23ADE11CE9CB03009461C7 /* LCCKError.h */ = {isa = PBXFileReference; fileEncoding = 4; lastKnownFileType = sourcecode.c.h; path = LCCKError.h; sourceTree = "<group>"; };
		9A23ADE21CE9CB03009461C7 /* LCCKError.m */ = {isa = PBXFileReference; fileEncoding = 4; lastKnownFileType = sourcecode.c.objc; path = LCCKError.m; sourceTree = "<group>"; };
		9A23ADE41CE9CDBC009461C7 /* UIImageView+LCCKExtension.h */ = {isa = PBXFileReference; fileEncoding = 4; lastKnownFileType = sourcecode.c.h; path = "UIImageView+LCCKExtension.h"; sourceTree = "<group>"; };
		9A23ADE51CE9CDBC009461C7 /* UIImageView+LCCKExtension.m */ = {isa = PBXFileReference; fileEncoding = 4; lastKnownFileType = sourcecode.c.objc; path = "UIImageView+LCCKExtension.m"; sourceTree = "<group>"; };
		9A23ADE81CE9CE97009461C7 /* LCCKDeallocBlockExecutor.h */ = {isa = PBXFileReference; fileEncoding = 4; lastKnownFileType = sourcecode.c.h; path = LCCKDeallocBlockExecutor.h; sourceTree = "<group>"; };
		9A23ADE91CE9CE97009461C7 /* LCCKDeallocExecutor.h */ = {isa = PBXFileReference; fileEncoding = 4; lastKnownFileType = sourcecode.c.h; path = LCCKDeallocExecutor.h; sourceTree = "<group>"; };
		9A23ADEA1CE9CE97009461C7 /* LCCKDeallocExecutor.m */ = {isa = PBXFileReference; fileEncoding = 4; lastKnownFileType = sourcecode.c.objc; path = LCCKDeallocExecutor.m; sourceTree = "<group>"; };
		9A23ADEB1CE9CE97009461C7 /* NSObject+LCCKDeallocBlockExecutor.h */ = {isa = PBXFileReference; fileEncoding = 4; lastKnownFileType = sourcecode.c.h; path = "NSObject+LCCKDeallocBlockExecutor.h"; sourceTree = "<group>"; };
		9A23ADEC1CE9CE97009461C7 /* NSObject+LCCKDeallocBlockExecutor.m */ = {isa = PBXFileReference; fileEncoding = 4; lastKnownFileType = sourcecode.c.objc; path = "NSObject+LCCKDeallocBlockExecutor.m"; sourceTree = "<group>"; };
		9A23ADEF1CE9D13A009461C7 /* LCCKSwipeView.h */ = {isa = PBXFileReference; fileEncoding = 4; lastKnownFileType = sourcecode.c.h; path = LCCKSwipeView.h; sourceTree = "<group>"; };
		9A23ADF01CE9D13A009461C7 /* LCCKSwipeView.m */ = {isa = PBXFileReference; fileEncoding = 4; lastKnownFileType = sourcecode.c.objc; path = LCCKSwipeView.m; sourceTree = "<group>"; };
		9A83AF081CD8A5BA001808A4 /* LCCKSingleton.h */ = {isa = PBXFileReference; fileEncoding = 4; lastKnownFileType = sourcecode.c.h; path = LCCKSingleton.h; sourceTree = "<group>"; };
		9A83AF091CD8A5BA001808A4 /* LCCKSingleton.m */ = {isa = PBXFileReference; fileEncoding = 4; lastKnownFileType = sourcecode.c.objc; path = LCCKSingleton.m; sourceTree = "<group>"; };
		9A89511D1CCE8A0A00E295D0 /* LCIMLoginViewController.h */ = {isa = PBXFileReference; fileEncoding = 4; lastKnownFileType = sourcecode.c.h; path = LCIMLoginViewController.h; sourceTree = "<group>"; };
		9A89511E1CCE8A0A00E295D0 /* LCIMLoginViewController.m */ = {isa = PBXFileReference; fileEncoding = 4; lastKnownFileType = sourcecode.c.objc; path = LCIMLoginViewController.m; sourceTree = "<group>"; };
		9A89511F1CCE8A0A00E295D0 /* LCIMLoginViewController.xib */ = {isa = PBXFileReference; fileEncoding = 4; lastKnownFileType = file.xib; path = LCIMLoginViewController.xib; sourceTree = "<group>"; };
		9A8951211CCE8A0A00E295D0 /* LCIMLoginDataSource.h */ = {isa = PBXFileReference; fileEncoding = 4; lastKnownFileType = sourcecode.c.h; path = LCIMLoginDataSource.h; sourceTree = "<group>"; };
		9A8951221CCE8A0A00E295D0 /* LCIMLoginDataSource.m */ = {isa = PBXFileReference; fileEncoding = 4; lastKnownFileType = sourcecode.c.objc; path = LCIMLoginDataSource.m; sourceTree = "<group>"; };
		9A89516D1CCF468100E295D0 /* SystemConfiguration.framework */ = {isa = PBXFileReference; lastKnownFileType = wrapper.framework; name = SystemConfiguration.framework; path = System/Library/Frameworks/SystemConfiguration.framework; sourceTree = SDKROOT; };
		9A89516F1CCF468C00E295D0 /* MobileCoreServices.framework */ = {isa = PBXFileReference; lastKnownFileType = wrapper.framework; name = MobileCoreServices.framework; path = System/Library/Frameworks/MobileCoreServices.framework; sourceTree = SDKROOT; };
		9A8951711CCF469300E295D0 /* CoreTelephony.framework */ = {isa = PBXFileReference; lastKnownFileType = wrapper.framework; name = CoreTelephony.framework; path = System/Library/Frameworks/CoreTelephony.framework; sourceTree = SDKROOT; };
		9A8951731CCF469B00E295D0 /* CoreLocation.framework */ = {isa = PBXFileReference; lastKnownFileType = wrapper.framework; name = CoreLocation.framework; path = System/Library/Frameworks/CoreLocation.framework; sourceTree = SDKROOT; };
		9AC83F821CDF6F9B0038ED26 /* libsqlite3.0.tbd */ = {isa = PBXFileReference; lastKnownFileType = "sourcecode.text-based-dylib-definition"; name = libsqlite3.0.tbd; path = usr/lib/libsqlite3.0.tbd; sourceTree = SDKROOT; };
		9AEE61C01C607B150049335C /* LeanCloudIMKit-iOS.app */ = {isa = PBXFileReference; explicitFileType = wrapper.application; includeInIndex = 0; path = "LeanCloudIMKit-iOS.app"; sourceTree = BUILT_PRODUCTS_DIR; };
		ECBE0565469B5C113C407217 /* Pods.debug.xcconfig */ = {isa = PBXFileReference; includeInIndex = 1; lastKnownFileType = text.xcconfig; name = Pods.debug.xcconfig; path = "Pods/Target Support Files/Pods/Pods.debug.xcconfig"; sourceTree = "<group>"; };
/* End PBXFileReference section */

/* Begin PBXFrameworksBuildPhase section */
		9AEE61BD1C607B150049335C /* Frameworks */ = {
			isa = PBXFrameworksBuildPhase;
			buildActionMask = 2147483647;
			files = (
				9A8951741CCF469B00E295D0 /* CoreLocation.framework in Frameworks */,
				9A8951721CCF469300E295D0 /* CoreTelephony.framework in Frameworks */,
				9A8951701CCF468C00E295D0 /* MobileCoreServices.framework in Frameworks */,
				9A89516E1CCF468100E295D0 /* SystemConfiguration.framework in Frameworks */,
				B03B4DCA304BD2FA73DD23A3 /* libPods.a in Frameworks */,
				9A1530361CB4C24A00EF35B5 /* lame.framework in Frameworks */,
			);
			runOnlyForDeploymentPostprocessing = 0;
		};
/* End PBXFrameworksBuildPhase section */

/* Begin PBXGroup section */
		9A11D3381CDCEF8900B3814B /* ChatBar */ = {
			isa = PBXGroup;
			children = (
				9A11D3391CDCEF8900B3814B /* LCIMChatBar.h */,
				9A11D33A1CDCEF8900B3814B /* LCIMChatBar.m */,
				9A11D33B1CDCEF8900B3814B /* LCIMChatFaceView.h */,
				9A11D33C1CDCEF8900B3814B /* LCIMChatFaceView.m */,
				9A11D33D1CDCEF8900B3814B /* LCIMChatMoreItem.h */,
				9A11D33E1CDCEF8900B3814B /* LCIMChatMoreItem.m */,
				9A11D33F1CDCEF8900B3814B /* LCIMChatMoreView.h */,
				9A11D3401CDCEF8900B3814B /* LCIMChatMoreView.m */,
				9A11D3411CDCEF8900B3814B /* LCIMFacePageView.h */,
				9A11D3421CDCEF8900B3814B /* LCIMFacePageView.m */,
				9A11D3431CDCEF8900B3814B /* LCIMProgressHUD.h */,
				9A11D3441CDCEF8900B3814B /* LCIMProgressHUD.m */,
			);
			path = ChatBar;
			sourceTree = "<group>";
		};
		9A152DBF1CB4B03600EF35B5 /* Example */ = {
			isa = PBXGroup;
			children = (
				9A152DC01CB4B03600EF35B5 /* AppDelegate.h */,
				9A152DC11CB4B03600EF35B5 /* AppDelegate.m */,
				9A152DE91CB4B03600EF35B5 /* LCIMTabBarControllerConfig.h */,
				9A152DEA1CB4B03600EF35B5 /* LCIMTabBarControllerConfig.m */,
				9A152DC21CB4B03600EF35B5 /* Class */,
			);
			path = Example;
			sourceTree = "<group>";
		};
		9A152DC21CB4B03600EF35B5 /* Class */ = {
			isa = PBXGroup;
			children = (
				9A152DC61CB4B03600EF35B5 /* Module */,
				9A152DC31CB4B03600EF35B5 /* Model */,
				9A152DE41CB4B03600EF35B5 /* Tool */,
			);
			path = Class;
			sourceTree = "<group>";
		};
		9A152DC31CB4B03600EF35B5 /* Model */ = {
			isa = PBXGroup;
			children = (
				9A152DC41CB4B03600EF35B5 /* LCIMUser.h */,
				9A152DC51CB4B03600EF35B5 /* LCIMUser.m */,
			);
			path = Model;
			sourceTree = "<group>";
		};
		9A152DC61CB4B03600EF35B5 /* Module */ = {
			isa = PBXGroup;
			children = (
				9A152DC71CB4B03600EF35B5 /* ContactList */,
				9A152DD21CB4B03600EF35B5 /* Main */,
				9A152DDE1CB4B03600EF35B5 /* Other */,
			);
			path = Module;
			sourceTree = "<group>";
		};
		9A152DC71CB4B03600EF35B5 /* ContactList */ = {
			isa = PBXGroup;
			children = (
				9A89511B1CCE8A0A00E295D0 /* Login */,
				9A152DC81CB4B03600EF35B5 /* Controller */,
				9A152DCB1CB4B03600EF35B5 /* Tool */,
				9A152DCE1CB4B03600EF35B5 /* View */,
			);
			path = ContactList;
			sourceTree = "<group>";
		};
		9A152DC81CB4B03600EF35B5 /* Controller */ = {
			isa = PBXGroup;
			children = (
				9A152DC91CB4B03600EF35B5 /* LCIMContactListController.h */,
				9A152DCA1CB4B03600EF35B5 /* LCIMContactListController.m */,
			);
			path = Controller;
			sourceTree = "<group>";
		};
		9A152DCB1CB4B03600EF35B5 /* Tool */ = {
			isa = PBXGroup;
			children = (
				9A152DCC1CB4B03600EF35B5 /* LCIMContactManager.h */,
				9A152DCD1CB4B03600EF35B5 /* LCIMContactManager.m */,
			);
			path = Tool;
			sourceTree = "<group>";
		};
		9A152DCE1CB4B03600EF35B5 /* View */ = {
			isa = PBXGroup;
			children = (
				9A152DCF1CB4B03600EF35B5 /* LCIMContactCell.h */,
				9A152DD01CB4B03600EF35B5 /* LCIMContactCell.m */,
				9A152DD11CB4B03600EF35B5 /* LCIMContactCell.xib */,
			);
			path = View;
			sourceTree = "<group>";
		};
		9A152DD21CB4B03600EF35B5 /* Main */ = {
			isa = PBXGroup;
			children = (
				9A152DD31CB4B03600EF35B5 /* Controller */,
				9A152DD61CB4B03600EF35B5 /* LCIMConstantsDefinition.h */,
				9A152DD71CB4B03600EF35B5 /* LCIMKitExample.h */,
				9A152DD81CB4B03600EF35B5 /* LCIMKitExample.m */,
				9A152DD91CB4B03600EF35B5 /* LCIMUtil.h */,
				9A152DDA1CB4B03600EF35B5 /* LCIMUtil.m */,
				9A152DDB1CB4B03600EF35B5 /* View */,
			);
			path = Main;
			sourceTree = "<group>";
		};
		9A152DD31CB4B03600EF35B5 /* Controller */ = {
			isa = PBXGroup;
			children = (
				9A152DD41CB4B03600EF35B5 /* LCIMMapViewController.h */,
				9A152DD51CB4B03600EF35B5 /* LCIMMapViewController.m */,
			);
			path = Controller;
			sourceTree = "<group>";
		};
		9A152DDB1CB4B03600EF35B5 /* View */ = {
			isa = PBXGroup;
			children = (
				9A152DDC1CB4B03600EF35B5 /* LCIMPlusButtonSubclass.h */,
				9A152DDD1CB4B03600EF35B5 /* LCIMPlusButtonSubclass.m */,
			);
			path = View;
			sourceTree = "<group>";
		};
		9A152DDE1CB4B03600EF35B5 /* Other */ = {
			isa = PBXGroup;
			children = (
				9A152DDF1CB4B03600EF35B5 /* Assets.xcassets */,
				9A152DE01CB4B03600EF35B5 /* LaunchScreen.storyboard */,
				9A152DE21CB4B03600EF35B5 /* Info.plist */,
				9A152DE31CB4B03600EF35B5 /* main.m */,
			);
			path = Other;
			sourceTree = "<group>";
		};
		9A152DE41CB4B03600EF35B5 /* Tool */ = {
			isa = PBXGroup;
			children = (
				9A152DE51CB4B03600EF35B5 /* MBProgressHUD */,
			);
			path = Tool;
			sourceTree = "<group>";
		};
		9A152DE51CB4B03600EF35B5 /* MBProgressHUD */ = {
			isa = PBXGroup;
			children = (
				9A152DE61CB4B03600EF35B5 /* NSObject+LCCKHUD.h */,
				9A152DE71CB4B03600EF35B5 /* NSObject+LCCKHUD.m */,
				9A152DE81CB4B03600EF35B5 /* MBProgressHUD.bundle */,
			);
			path = MBProgressHUD;
			sourceTree = "<group>";
		};
		9A152E7C1CB4C24900EF35B5 /* LCIMKit */ = {
			isa = PBXGroup;
			children = (
				9A152FBA1CB4C24A00EF35B5 /* LCIMKit.h */,
				9A152FBB1CB4C24A00EF35B5 /* LCIMKit.m */,
				9A152E7D1CB4C24900EF35B5 /* Class */,
			);
			path = LCIMKit;
			sourceTree = "<group>";
		};
		9A152E7D1CB4C24900EF35B5 /* Class */ = {
			isa = PBXGroup;
			children = (
				9A152F331CB4C24A00EF35B5 /* Module */,
				9A152F2D1CB4C24A00EF35B5 /* Model */,
				9A152FB51CB4C24A00EF35B5 /* View */,
				9A152F971CB4C24A00EF35B5 /* Tool */,
				9A152F8A1CB4C24A00EF35B5 /* Resource */,
			);
			path = Class;
			sourceTree = "<group>";
		};
		9A152F2D1CB4C24A00EF35B5 /* Model */ = {
			isa = PBXGroup;
			children = (
				9A152F2E1CB4C24A00EF35B5 /* AVIMEmotionMessage.h */,
				9A152F2F1CB4C24A00EF35B5 /* AVIMEmotionMessage.m */,
				9A152F301CB4C24A00EF35B5 /* LCIMMessage.h */,
				9A152F311CB4C24A00EF35B5 /* LCIMMessage.m */,
				9A152F321CB4C24A00EF35B5 /* LCIMUserModelDelegate.h */,
			);
			path = Model;
			sourceTree = "<group>";
		};
		9A152F331CB4C24A00EF35B5 /* Module */ = {
			isa = PBXGroup;
			children = (
				9A152F341CB4C24A00EF35B5 /* Base */,
				9A152F3B1CB4C24A00EF35B5 /* Conversation */,
				9A152F801CB4C24A00EF35B5 /* ConversationList */,
			);
			path = Module;
			sourceTree = "<group>";
		};
		9A152F341CB4C24A00EF35B5 /* Base */ = {
			isa = PBXGroup;
			children = (
				9A10878D1CDC94510063432D /* LCIMBaseTableViewController.h */,
				9A10878E1CDC94510063432D /* LCIMBaseTableViewController.m */,
				9A152F351CB4C24A00EF35B5 /* LCIMBaseConversationViewController.h */,
				9A152F361CB4C24A00EF35B5 /* LCIMBaseConversationViewController.m */,
				9A152F371CB4C24A00EF35B5 /* LCIMBaseNavigationController.h */,
				9A152F381CB4C24A00EF35B5 /* LCIMBaseNavigationController.m */,
				9A152F391CB4C24A00EF35B5 /* LCIMBaseViewController.h */,
				9A152F3A1CB4C24A00EF35B5 /* LCIMBaseViewController.m */,
			);
			path = Base;
			sourceTree = "<group>";
		};
		9A152F3B1CB4C24A00EF35B5 /* Conversation */ = {
			isa = PBXGroup;
			children = (
				9A152F3C1CB4C24A00EF35B5 /* Controller */,
				9A152F451CB4C24A00EF35B5 /* Model */,
				9A152F4A1CB4C24A00EF35B5 /* Tool */,
				9A152F621CB4C24A00EF35B5 /* View */,
			);
			path = Conversation;
			sourceTree = "<group>";
		};
		9A152F3C1CB4C24A00EF35B5 /* Controller */ = {
			isa = PBXGroup;
			children = (
				9A152F3D1CB4C24A00EF35B5 /* LCIMConversationViewController.h */,
				9A152F3E1CB4C24A00EF35B5 /* LCIMConversationViewController.m */,
				9A152F411CB4C24A00EF35B5 /* LCIMLocationController.h */,
				9A152F421CB4C24A00EF35B5 /* LCIMLocationController.m */,
				9A152F431CB4C24A00EF35B5 /* LCIMTextFullScreenViewController.h */,
				9A152F441CB4C24A00EF35B5 /* LCIMTextFullScreenViewController.m */,
			);
			path = Controller;
			sourceTree = "<group>";
		};
		9A152F451CB4C24A00EF35B5 /* Model */ = {
			isa = PBXGroup;
			children = (
				9A152F461CB4C24A00EF35B5 /* AVIMConversation+LCIMAddition.h */,
				9A152F471CB4C24A00EF35B5 /* AVIMConversation+LCIMAddition.m */,
				9A152F481CB4C24A00EF35B5 /* LCIMConversationViewModel.h */,
				9A152F491CB4C24A00EF35B5 /* LCIMConversationViewModel.m */,
			);
			path = Model;
			sourceTree = "<group>";
		};
		9A152F4A1CB4C24A00EF35B5 /* Tool */ = {
			isa = PBXGroup;
			children = (
				9A152F4B1CB4C24A00EF35B5 /* Categories */,
				9A152F4E1CB4C24A00EF35B5 /* LCIMAVAudioPlayer.h */,
				9A152F4F1CB4C24A00EF35B5 /* LCIMAVAudioPlayer.m */,
				9A152F501CB4C24A00EF35B5 /* LCIMBubbleImageFactory.h */,
				9A152F511CB4C24A00EF35B5 /* LCIMBubbleImageFactory.m */,
				9A152F521CB4C24A00EF35B5 /* LCIMCellIdentifierFactory.h */,
				9A152F531CB4C24A00EF35B5 /* LCIMCellIdentifierFactory.m */,
				9A152F541CB4C24A00EF35B5 /* LCIMCellRegisterController.h */,
				9A152F551CB4C24A00EF35B5 /* LCIMCellRegisterController.m */,
				9A152F561CB4C24A00EF35B5 /* LCIMChat.h */,
				9A152F571CB4C24A00EF35B5 /* LCIMChatUntiles.h */,
				9A152F581CB4C24A00EF35B5 /* LCIMFaceManager.h */,
				9A152F591CB4C24A00EF35B5 /* LCIMFaceManager.m */,
				9A152F5A1CB4C24A00EF35B5 /* LCIMLastMessageTypeManager.h */,
				9A152F5B1CB4C24A00EF35B5 /* LCIMLastMessageTypeManager.m */,
				9A152F5C1CB4C24A00EF35B5 /* LCIMLocationManager.h */,
				9A152F5D1CB4C24A00EF35B5 /* LCIMLocationManager.m */,
				9A152F5E1CB4C24A00EF35B5 /* LCIMMessageVoiceFactory.h */,
				9A152F5F1CB4C24A00EF35B5 /* LCIMMessageVoiceFactory.m */,
				9A152F601CB4C24A00EF35B5 /* LCIMSoundManager.h */,
				9A152F611CB4C24A00EF35B5 /* LCIMSoundManager.m */,
			);
			path = Tool;
			sourceTree = "<group>";
		};
		9A152F4B1CB4C24A00EF35B5 /* Categories */ = {
			isa = PBXGroup;
			children = (
				9A23ADE11CE9CB03009461C7 /* LCCKError.h */,
				9A23ADE21CE9CB03009461C7 /* LCCKError.m */,
				9A23ADDF1CE9CA8D009461C7 /* LCCKDateToolsConstants.h */,
				9A23ADDC1CE9C43F009461C7 /* NSDate+LCCKDateTools.h */,
				9A23ADDD1CE9C43F009461C7 /* NSDate+LCCKDateTools.m */,
				9A152F4C1CB4C24A00EF35B5 /* NSString+LCCKMD5.h */,
				9A152F4D1CB4C24A00EF35B5 /* NSString+LCCKMD5.m */,
				9A11D34B1CDD1CC000B3814B /* UIImage+LCCKExtension.h */,
				9A11D34C1CDD1CC000B3814B /* UIImage+LCCKExtension.m */,
				9A23ADE41CE9CDBC009461C7 /* UIImageView+LCCKExtension.h */,
				9A23ADE51CE9CDBC009461C7 /* UIImageView+LCCKExtension.m */,
			);
			path = Categories;
			sourceTree = "<group>";
		};
		9A152F621CB4C24A00EF35B5 /* View */ = {
			isa = PBXGroup;
			children = (
				9A11D3381CDCEF8900B3814B /* ChatBar */,
				9A152F631CB4C24A00EF35B5 /* ChatMessageCell */,
			);
			path = View;
			sourceTree = "<group>";
		};
		9A152F631CB4C24A00EF35B5 /* ChatMessageCell */ = {
			isa = PBXGroup;
			children = (
				9A152F641CB4C24A00EF35B5 /* LCIMChatImageMessageCell.h */,
				9A152F651CB4C24A00EF35B5 /* LCIMChatImageMessageCell.m */,
				9A152F661CB4C24A00EF35B5 /* LCIMChatLocationMessageCell.h */,
				9A152F671CB4C24A00EF35B5 /* LCIMChatLocationMessageCell.m */,
				9A152F681CB4C24A00EF35B5 /* LCIMChatMessageCell.h */,
				9A152F691CB4C24A00EF35B5 /* LCIMChatMessageCell.m */,
				9A152F6A1CB4C24A00EF35B5 /* LCIMChatSystemMessageCell.h */,
				9A152F6B1CB4C24A00EF35B5 /* LCIMChatSystemMessageCell.m */,
				9A152F6C1CB4C24A00EF35B5 /* LCIMChatTextMessageCell.h */,
				9A152F6D1CB4C24A00EF35B5 /* LCIMChatTextMessageCell.m */,
				9A152F6E1CB4C24A00EF35B5 /* LCIMChatVoiceMessageCell.h */,
				9A152F6F1CB4C24A00EF35B5 /* LCIMChatVoiceMessageCell.m */,
				9A152F701CB4C24A00EF35B5 /* LCIMContentView.h */,
				9A152F711CB4C24A00EF35B5 /* LCIMContentView.m */,
				9A152F721CB4C24A00EF35B5 /* LCIMSendImageView.h */,
				9A152F731CB4C24A00EF35B5 /* LCIMSendImageView.m */,
			);
			path = ChatMessageCell;
			sourceTree = "<group>";
		};
		9A152F801CB4C24A00EF35B5 /* ConversationList */ = {
			isa = PBXGroup;
			children = (
				9A152F811CB4C24A00EF35B5 /* Controller */,
				9A152F841CB4C24A00EF35B5 /* Model */,
				9A152F871CB4C24A00EF35B5 /* View */,
			);
			path = ConversationList;
			sourceTree = "<group>";
		};
		9A152F811CB4C24A00EF35B5 /* Controller */ = {
			isa = PBXGroup;
			children = (
				9A152F821CB4C24A00EF35B5 /* LCIMConversationListViewController.h */,
				9A152F831CB4C24A00EF35B5 /* LCIMConversationListViewController.m */,
			);
			path = Controller;
			sourceTree = "<group>";
		};
		9A152F841CB4C24A00EF35B5 /* Model */ = {
			isa = PBXGroup;
			children = (
				9A152F851CB4C24A00EF35B5 /* LCIMConversationListViewModel.h */,
				9A152F861CB4C24A00EF35B5 /* LCIMConversationListViewModel.m */,
			);
			path = Model;
			sourceTree = "<group>";
		};
		9A152F871CB4C24A00EF35B5 /* View */ = {
			isa = PBXGroup;
			children = (
				9A152F881CB4C24A00EF35B5 /* LCIMConversationListCell.h */,
				9A152F891CB4C24A00EF35B5 /* LCIMConversationListCell.m */,
			);
			path = View;
			sourceTree = "<group>";
		};
		9A152F8A1CB4C24A00EF35B5 /* Resource */ = {
			isa = PBXGroup;
			children = (
				9A152F8B1CB4C24A00EF35B5 /* BarButtonIcon.bundle */,
				9A152F8C1CB4C24A00EF35B5 /* ChatKeyboard.bundle */,
				9A152F8D1CB4C24A00EF35B5 /* Common.bundle */,
				9A152F8E1CB4C24A00EF35B5 /* Emoji.bundle */,
				9A152F8F1CB4C24A00EF35B5 /* GifMoticons.bundle */,
				9A152F901CB4C24A00EF35B5 /* localization */,
				9A152F941CB4C24A00EF35B5 /* MessageBubble.bundle */,
				9A152F951CB4C24A00EF35B5 /* Placeholder.bundle */,
				9A152F961CB4C24A00EF35B5 /* VoiceMessageSource.bundle */,
			);
			path = Resource;
			sourceTree = "<group>";
		};
		9A152F901CB4C24A00EF35B5 /* localization */ = {
			isa = PBXGroup;
			children = (
				9A152F911CB4C24A00EF35B5 /* LCIMKitString.strings */,
			);
			path = localization;
			sourceTree = "<group>";
		};
		9A152F971CB4C24A00EF35B5 /* Tool */ = {
			isa = PBXGroup;
			children = (
				9A152F981CB4C24A00EF35B5 /* IMKitHeaders.h */,
				9A152F991CB4C24A00EF35B5 /* LCIMConstants.h */,
				9A152F9A1CB4C24A00EF35B5 /* LCIMKit_Internal.h */,
				9A152F9B1CB4C24A00EF35B5 /* LCIMServiceDefinition.h */,
				9A83AF081CD8A5BA001808A4 /* LCCKSingleton.h */,
				9A83AF091CD8A5BA001808A4 /* LCCKSingleton.m */,
				9A152F9C1CB4C24A00EF35B5 /* Service */,
				9A152FAB1CB4C24A00EF35B5 /* Vendor */,
			);
			path = Tool;
			sourceTree = "<group>";
		};
		9A152F9C1CB4C24A00EF35B5 /* Service */ = {
			isa = PBXGroup;
			children = (
				9A152F9D1CB4C24A00EF35B5 /* LCIMConversationListService.h */,
				9A152F9E1CB4C24A00EF35B5 /* LCIMConversationListService.m */,
				9A152F9F1CB4C24A00EF35B5 /* LCIMConversationService.h */,
				9A152FA01CB4C24A00EF35B5 /* LCIMConversationService.m */,
				9A152FA11CB4C24A00EF35B5 /* LCIMSessionService.h */,
				9A152FA21CB4C24A00EF35B5 /* LCIMSessionService.m */,
				9A152FA31CB4C24A00EF35B5 /* LCIMSettingService.h */,
				9A152FA41CB4C24A00EF35B5 /* LCIMSettingService.m */,
				9A152FA51CB4C24A00EF35B5 /* LCIMSignatureService.h */,
				9A152FA61CB4C24A00EF35B5 /* LCIMSignatureService.m */,
				9A152FA71CB4C24A00EF35B5 /* LCIMUIService.h */,
				9A152FA81CB4C24A00EF35B5 /* LCIMUIService.m */,
				9A152FA91CB4C24A00EF35B5 /* LCIMUserSystemService.h */,
				9A152FAA1CB4C24A00EF35B5 /* LCIMUserSystemService.m */,
			);
			path = Service;
			sourceTree = "<group>";
		};
		9A152FAB1CB4C24A00EF35B5 /* Vendor */ = {
			isa = PBXGroup;
			children = (
				9A23ADE71CE9CE97009461C7 /* LCCKDeallocBlockExecutor */,
				9A152FAC1CB4C24A00EF35B5 /* LCIMTableViewRowAction */,
				9A152FB11CB4C24A00EF35B5 /* VoiceLib */,
			);
			path = Vendor;
			sourceTree = "<group>";
		};
		9A152FAC1CB4C24A00EF35B5 /* LCIMTableViewRowAction */ = {
			isa = PBXGroup;
			children = (
				9A152FAD1CB4C24A00EF35B5 /* UITableViewCell+LCIMExtension.m */,
				9A152FAE1CB4C24A00EF35B5 /* UITableViewRowAction+LCIMExtension.h */,
				9A152FAF1CB4C24A00EF35B5 /* UITableViewRowAction+LCIMExtension.m */,
				9A152FB01CB4C24A00EF35B5 /* UITableViewRowAction.m */,
			);
			path = LCIMTableViewRowAction;
			sourceTree = "<group>";
		};
		9A152FB11CB4C24A00EF35B5 /* VoiceLib */ = {
			isa = PBXGroup;
			children = (
				9A152FB21CB4C24A00EF35B5 /* lame.framework */,
				9A152FB31CB4C24A00EF35B5 /* Mp3Recorder.h */,
				9A152FB41CB4C24A00EF35B5 /* Mp3Recorder.m */,
			);
			path = VoiceLib;
			sourceTree = "<group>";
		};
		9A152FB51CB4C24A00EF35B5 /* View */ = {
			isa = PBXGroup;
			children = (
				9A23ADEF1CE9D13A009461C7 /* LCCKSwipeView.h */,
				9A23ADF01CE9D13A009461C7 /* LCCKSwipeView.m */,
				9A152FB61CB4C24A00EF35B5 /* LCIMConversationRefreshHeader.h */,
				9A152FB71CB4C24A00EF35B5 /* LCIMConversationRefreshHeader.m */,
				9A152FB81CB4C24A00EF35B5 /* LCIMStatusView.h */,
				9A152FB91CB4C24A00EF35B5 /* LCIMStatusView.m */,
				9A23ADD91CE9C41D009461C7 /* LCCKBadgeView.h */,
				9A23ADDA1CE9C41D009461C7 /* LCCKBadgeView.m */,
			);
			path = View;
			sourceTree = "<group>";
		};
		9A23ADE71CE9CE97009461C7 /* LCCKDeallocBlockExecutor */ = {
			isa = PBXGroup;
			children = (
				9A23ADE81CE9CE97009461C7 /* LCCKDeallocBlockExecutor.h */,
				9A23ADE91CE9CE97009461C7 /* LCCKDeallocExecutor.h */,
				9A23ADEA1CE9CE97009461C7 /* LCCKDeallocExecutor.m */,
				9A23ADEB1CE9CE97009461C7 /* NSObject+LCCKDeallocBlockExecutor.h */,
				9A23ADEC1CE9CE97009461C7 /* NSObject+LCCKDeallocBlockExecutor.m */,
			);
			path = LCCKDeallocBlockExecutor;
			sourceTree = "<group>";
		};
		9A89511B1CCE8A0A00E295D0 /* Login */ = {
			isa = PBXGroup;
			children = (
				9A89511C1CCE8A0A00E295D0 /* Controller */,
				9A8951201CCE8A0A00E295D0 /* Model */,
				9A8951231CCE8A0A00E295D0 /* View */,
			);
			path = Login;
			sourceTree = "<group>";
		};
		9A89511C1CCE8A0A00E295D0 /* Controller */ = {
			isa = PBXGroup;
			children = (
				9A89511D1CCE8A0A00E295D0 /* LCIMLoginViewController.h */,
				9A89511E1CCE8A0A00E295D0 /* LCIMLoginViewController.m */,
				9A89511F1CCE8A0A00E295D0 /* LCIMLoginViewController.xib */,
			);
			path = Controller;
			sourceTree = "<group>";
		};
		9A8951201CCE8A0A00E295D0 /* Model */ = {
			isa = PBXGroup;
			children = (
				9A8951211CCE8A0A00E295D0 /* LCIMLoginDataSource.h */,
				9A8951221CCE8A0A00E295D0 /* LCIMLoginDataSource.m */,
			);
			path = Model;
			sourceTree = "<group>";
		};
		9A8951231CCE8A0A00E295D0 /* View */ = {
			isa = PBXGroup;
			children = (
			);
			path = View;
			sourceTree = "<group>";
		};
		9AEE61B71C607B150049335C = {
			isa = PBXGroup;
			children = (
				9A152E7C1CB4C24900EF35B5 /* LCIMKit */,
				9A152DBF1CB4B03600EF35B5 /* Example */,
				9AEE61C11C607B150049335C /* Products */,
				D8662C8AAF728912C9632057 /* Pods */,
				BF20AF9E47F33098682E4677 /* Frameworks */,
			);
			sourceTree = "<group>";
		};
		9AEE61C11C607B150049335C /* Products */ = {
			isa = PBXGroup;
			children = (
				9AEE61C01C607B150049335C /* LeanCloudIMKit-iOS.app */,
			);
			name = Products;
			sourceTree = "<group>";
		};
		BF20AF9E47F33098682E4677 /* Frameworks */ = {
			isa = PBXGroup;
			children = (
				9AC83F821CDF6F9B0038ED26 /* libsqlite3.0.tbd */,
				9A8951731CCF469B00E295D0 /* CoreLocation.framework */,
				9A8951711CCF469300E295D0 /* CoreTelephony.framework */,
				9A89516F1CCF468C00E295D0 /* MobileCoreServices.framework */,
				9A89516D1CCF468100E295D0 /* SystemConfiguration.framework */,
				5F0ADEBDA5E2071F72D14147 /* libPods.a */,
			);
			name = Frameworks;
			sourceTree = "<group>";
		};
		D8662C8AAF728912C9632057 /* Pods */ = {
			isa = PBXGroup;
			children = (
				ECBE0565469B5C113C407217 /* Pods.debug.xcconfig */,
				19D15C89E9A800BC9D6889DF /* Pods.release.xcconfig */,
			);
			name = Pods;
			sourceTree = "<group>";
		};
/* End PBXGroup section */

/* Begin PBXNativeTarget section */
		9AEE61BF1C607B150049335C /* LeanCloudIMKit-iOS */ = {
			isa = PBXNativeTarget;
			buildConfigurationList = 9AEE61D71C607B150049335C /* Build configuration list for PBXNativeTarget "LeanCloudIMKit-iOS" */;
			buildPhases = (
				7546DB16005C881AF983231C /* Check Pods Manifest.lock */,
				9AEE61BC1C607B150049335C /* Sources */,
				9AEE61BD1C607B150049335C /* Frameworks */,
				9AEE61BE1C607B150049335C /* Resources */,
				2DDA1CAFCD5BBC4FD163093A /* Embed Pods Frameworks */,
				3B723A0EEB39FAD0BD5D7C00 /* Copy Pods Resources */,
			);
			buildRules = (
			);
			dependencies = (
			);
			name = "LeanCloudIMKit-iOS";
			productName = "LeanCloudIMKit-iOS";
			productReference = 9AEE61C01C607B150049335C /* LeanCloudIMKit-iOS.app */;
			productType = "com.apple.product-type.application";
		};
/* End PBXNativeTarget section */

/* Begin PBXProject section */
		9AEE61B81C607B150049335C /* Project object */ = {
			isa = PBXProject;
			attributes = {
				LastUpgradeCheck = 0730;
				ORGANIZATIONNAME = EloncChan;
				TargetAttributes = {
					9AEE61BF1C607B150049335C = {
						CreatedOnToolsVersion = 7.2;
					};
				};
			};
			buildConfigurationList = 9AEE61BB1C607B150049335C /* Build configuration list for PBXProject "LeanCloudIMKit-iOS" */;
			compatibilityVersion = "Xcode 3.2";
			developmentRegion = English;
			hasScannedForEncodings = 0;
			knownRegions = (
				en,
				Base,
				"zh-Hans",
			);
			mainGroup = 9AEE61B71C607B150049335C;
			productRefGroup = 9AEE61C11C607B150049335C /* Products */;
			projectDirPath = "";
			projectRoot = "";
			targets = (
				9AEE61BF1C607B150049335C /* LeanCloudIMKit-iOS */,
			);
		};
/* End PBXProject section */

/* Begin PBXResourcesBuildPhase section */
		9AEE61BE1C607B150049335C /* Resources */ = {
			isa = PBXResourcesBuildPhase;
			buildActionMask = 2147483647;
			files = (
				9A152E701CB4B03600EF35B5 /* LCIMContactCell.xib in Resources */,
				9A152E751CB4B03600EF35B5 /* Assets.xcassets in Resources */,
				9A1530281CB4C24A00EF35B5 /* LCIMKitString.strings in Resources */,
				9A8951251CCE8A0A00E295D0 /* LCIMLoginViewController.xib in Resources */,
				9A152E761CB4B03600EF35B5 /* LaunchScreen.storyboard in Resources */,
				9A1530241CB4C24A00EF35B5 /* ChatKeyboard.bundle in Resources */,
				9A15302A1CB4C24A00EF35B5 /* Placeholder.bundle in Resources */,
				9A1530261CB4C24A00EF35B5 /* Emoji.bundle in Resources */,
				9A1530271CB4C24A00EF35B5 /* GifMoticons.bundle in Resources */,
				9A1530231CB4C24A00EF35B5 /* BarButtonIcon.bundle in Resources */,
				9A1530291CB4C24A00EF35B5 /* MessageBubble.bundle in Resources */,
				9A15302B1CB4C24A00EF35B5 /* VoiceMessageSource.bundle in Resources */,
				9A1530251CB4C24A00EF35B5 /* Common.bundle in Resources */,
				9A152E7A1CB4B03600EF35B5 /* MBProgressHUD.bundle in Resources */,
			);
			runOnlyForDeploymentPostprocessing = 0;
		};
/* End PBXResourcesBuildPhase section */

/* Begin PBXShellScriptBuildPhase section */
		2DDA1CAFCD5BBC4FD163093A /* Embed Pods Frameworks */ = {
			isa = PBXShellScriptBuildPhase;
			buildActionMask = 2147483647;
			files = (
			);
			inputPaths = (
			);
			name = "Embed Pods Frameworks";
			outputPaths = (
			);
			runOnlyForDeploymentPostprocessing = 0;
			shellPath = /bin/sh;
			shellScript = "\"${SRCROOT}/Pods/Target Support Files/Pods/Pods-frameworks.sh\"\n";
			showEnvVarsInLog = 0;
		};
		3B723A0EEB39FAD0BD5D7C00 /* Copy Pods Resources */ = {
			isa = PBXShellScriptBuildPhase;
			buildActionMask = 2147483647;
			files = (
			);
			inputPaths = (
			);
			name = "Copy Pods Resources";
			outputPaths = (
			);
			runOnlyForDeploymentPostprocessing = 0;
			shellPath = /bin/sh;
			shellScript = "\"${SRCROOT}/Pods/Target Support Files/Pods/Pods-resources.sh\"\n";
			showEnvVarsInLog = 0;
		};
		7546DB16005C881AF983231C /* Check Pods Manifest.lock */ = {
			isa = PBXShellScriptBuildPhase;
			buildActionMask = 2147483647;
			files = (
			);
			inputPaths = (
			);
			name = "Check Pods Manifest.lock";
			outputPaths = (
			);
			runOnlyForDeploymentPostprocessing = 0;
			shellPath = /bin/sh;
			shellScript = "diff \"${PODS_ROOT}/../Podfile.lock\" \"${PODS_ROOT}/Manifest.lock\" > /dev/null\nif [[ $? != 0 ]] ; then\n    cat << EOM\nerror: The sandbox is not in sync with the Podfile.lock. Run 'pod install' or update your CocoaPods installation.\nEOM\n    exit 1\nfi\n";
			showEnvVarsInLog = 0;
		};
/* End PBXShellScriptBuildPhase section */

/* Begin PBXSourcesBuildPhase section */
		9AEE61BC1C607B150049335C /* Sources */ = {
			isa = PBXSourcesBuildPhase;
			buildActionMask = 2147483647;
			files = (
				9A8951261CCE8A0A00E295D0 /* LCIMLoginDataSource.m in Sources */,
				9A1530021CB4C24A00EF35B5 /* LCIMConversationViewController.m in Sources */,
				9A1530051CB4C24A00EF35B5 /* LCIMTextFullScreenViewController.m in Sources */,
				9A1530081CB4C24A00EF35B5 /* NSString+LCCKMD5.m in Sources */,
				9A11D3461CDCEF8900B3814B /* LCIMChatFaceView.m in Sources */,
				9A15302F1CB4C24A00EF35B5 /* LCIMSettingService.m in Sources */,
				9A1530341CB4C24A00EF35B5 /* UITableViewRowAction+LCIMExtension.m in Sources */,
				9A1530351CB4C24A00EF35B5 /* UITableViewRowAction.m in Sources */,
				9A10878F1CDC94510063432D /* LCIMBaseTableViewController.m in Sources */,
				9A23ADF11CE9D13A009461C7 /* LCCKSwipeView.m in Sources */,
				9A23ADDB1CE9C41D009461C7 /* LCCKBadgeView.m in Sources */,
				9A152FFD1CB4C24A00EF35B5 /* AVIMEmotionMessage.m in Sources */,
				9A83AF0A1CD8A5BA001808A4 /* LCCKSingleton.m in Sources */,
				9A15300A1CB4C24A00EF35B5 /* LCIMBubbleImageFactory.m in Sources */,
				9A1530061CB4C24A00EF35B5 /* AVIMConversation+LCIMAddition.m in Sources */,
				9A23ADEE1CE9CE97009461C7 /* NSObject+LCCKDeallocBlockExecutor.m in Sources */,
				9A15302C1CB4C24A00EF35B5 /* LCIMConversationListService.m in Sources */,
				9A1530331CB4C24A00EF35B5 /* UITableViewCell+LCIMExtension.m in Sources */,
				9A1530371CB4C24A00EF35B5 /* Mp3Recorder.m in Sources */,
				9A23ADE31CE9CB03009461C7 /* LCCKError.m in Sources */,
				9A1530121CB4C24A00EF35B5 /* LCIMChatImageMessageCell.m in Sources */,
				9A15302E1CB4C24A00EF35B5 /* LCIMSessionService.m in Sources */,
				9A15300E1CB4C24A00EF35B5 /* LCIMLastMessageTypeManager.m in Sources */,
				9A15300C1CB4C24A00EF35B5 /* LCIMCellRegisterController.m in Sources */,
				9A152E791CB4B03600EF35B5 /* NSObject+LCCKHUD.m in Sources */,
				9A23ADE61CE9CDBC009461C7 /* UIImageView+LCCKExtension.m in Sources */,
				9A1530321CB4C24A00EF35B5 /* LCIMUserSystemService.m in Sources */,
				9A1530091CB4C24A00EF35B5 /* LCIMAVAudioPlayer.m in Sources */,
				9A1530011CB4C24A00EF35B5 /* LCIMBaseViewController.m in Sources */,
				9A152FFE1CB4C24A00EF35B5 /* LCIMMessage.m in Sources */,
				9A1530301CB4C24A00EF35B5 /* LCIMSignatureService.m in Sources */,
				9A15300F1CB4C24A00EF35B5 /* LCIMLocationManager.m in Sources */,
				9A1530311CB4C24A00EF35B5 /* LCIMUIService.m in Sources */,
				9A1530191CB4C24A00EF35B5 /* LCIMSendImageView.m in Sources */,
				9A152E711CB4B03600EF35B5 /* LCIMMapViewController.m in Sources */,
				9A152E6B1CB4B03600EF35B5 /* AppDelegate.m in Sources */,
				9A1530171CB4C24A00EF35B5 /* LCIMChatVoiceMessageCell.m in Sources */,
				9A152FFF1CB4C24A00EF35B5 /* LCIMBaseConversationViewController.m in Sources */,
				9A1530131CB4C24A00EF35B5 /* LCIMChatLocationMessageCell.m in Sources */,
				9A1530141CB4C24A00EF35B5 /* LCIMChatMessageCell.m in Sources */,
				9A1530041CB4C24A00EF35B5 /* LCIMLocationController.m in Sources */,
				9A15303A1CB4C24A00EF35B5 /* LCIMKit.m in Sources */,
				9A1530221CB4C24A00EF35B5 /* LCIMConversationListCell.m in Sources */,
				9A23ADED1CE9CE97009461C7 /* LCCKDeallocExecutor.m in Sources */,
				9A152E731CB4B03600EF35B5 /* LCIMUtil.m in Sources */,
				9A15300D1CB4C24A00EF35B5 /* LCIMFaceManager.m in Sources */,
				9A152E781CB4B03600EF35B5 /* main.m in Sources */,
				9A11D3451CDCEF8900B3814B /* LCIMChatBar.m in Sources */,
				9A152E6D1CB4B03600EF35B5 /* LCIMContactListController.m in Sources */,
				9A152E6E1CB4B03600EF35B5 /* LCIMContactManager.m in Sources */,
				9A1530111CB4C24A00EF35B5 /* LCIMSoundManager.m in Sources */,
				9A152E721CB4B03600EF35B5 /* LCIMKitExample.m in Sources */,
				9A152E6F1CB4B03600EF35B5 /* LCIMContactCell.m in Sources */,
				9A15300B1CB4C24A00EF35B5 /* LCIMCellIdentifierFactory.m in Sources */,
				9A8951241CCE8A0A00E295D0 /* LCIMLoginViewController.m in Sources */,
				9A1530071CB4C24A00EF35B5 /* LCIMConversationViewModel.m in Sources */,
				9A1530001CB4C24A00EF35B5 /* LCIMBaseNavigationController.m in Sources */,
				9A152E741CB4B03600EF35B5 /* LCIMPlusButtonSubclass.m in Sources */,
				9A11D3481CDCEF8900B3814B /* LCIMChatMoreView.m in Sources */,
				9A11D3471CDCEF8900B3814B /* LCIMChatMoreItem.m in Sources */,
				9A1530151CB4C24A00EF35B5 /* LCIMChatSystemMessageCell.m in Sources */,
				9A152E6C1CB4B03600EF35B5 /* LCIMUser.m in Sources */,
				9A1530201CB4C24A00EF35B5 /* LCIMConversationListViewController.m in Sources */,
				9A15302D1CB4C24A00EF35B5 /* LCIMConversationService.m in Sources */,
				9A1530391CB4C24A00EF35B5 /* LCIMStatusView.m in Sources */,
				9A11D3491CDCEF8900B3814B /* LCIMFacePageView.m in Sources */,
				9A11D34D1CDD1CC000B3814B /* UIImage+LCCKExtension.m in Sources */,
				9A152E7B1CB4B03600EF35B5 /* LCIMTabBarControllerConfig.m in Sources */,
				9A11D34A1CDCEF8900B3814B /* LCIMProgressHUD.m in Sources */,
				9A1530381CB4C24A00EF35B5 /* LCIMConversationRefreshHeader.m in Sources */,
				9A1530101CB4C24A00EF35B5 /* LCIMMessageVoiceFactory.m in Sources */,
				9A1530211CB4C24A00EF35B5 /* LCIMConversationListViewModel.m in Sources */,
				9A1530181CB4C24A00EF35B5 /* LCIMContentView.m in Sources */,
				9A23ADDE1CE9C43F009461C7 /* NSDate+LCCKDateTools.m in Sources */,
				9A1530161CB4C24A00EF35B5 /* LCIMChatTextMessageCell.m in Sources */,
			);
			runOnlyForDeploymentPostprocessing = 0;
		};
/* End PBXSourcesBuildPhase section */

/* Begin PBXVariantGroup section */
		9A152DE01CB4B03600EF35B5 /* LaunchScreen.storyboard */ = {
			isa = PBXVariantGroup;
			children = (
				9A152DE11CB4B03600EF35B5 /* Base */,
			);
			name = LaunchScreen.storyboard;
			sourceTree = "<group>";
		};
		9A152F911CB4C24A00EF35B5 /* LCIMKitString.strings */ = {
			isa = PBXVariantGroup;
			children = (
				9A152F921CB4C24A00EF35B5 /* en */,
				9A152F931CB4C24A00EF35B5 /* zh-Hans */,
			);
			name = LCIMKitString.strings;
			sourceTree = "<group>";
		};
/* End PBXVariantGroup section */

/* Begin XCBuildConfiguration section */
		9AEE61D51C607B150049335C /* Debug */ = {
			isa = XCBuildConfiguration;
			buildSettings = {
				ALWAYS_SEARCH_USER_PATHS = NO;
				CLANG_CXX_LANGUAGE_STANDARD = "gnu++0x";
				CLANG_CXX_LIBRARY = "libc++";
				CLANG_ENABLE_MODULES = YES;
				CLANG_ENABLE_OBJC_ARC = YES;
				CLANG_WARN_BOOL_CONVERSION = YES;
				CLANG_WARN_CONSTANT_CONVERSION = YES;
				CLANG_WARN_DIRECT_OBJC_ISA_USAGE = YES_ERROR;
				CLANG_WARN_EMPTY_BODY = YES;
				CLANG_WARN_ENUM_CONVERSION = YES;
				CLANG_WARN_INT_CONVERSION = YES;
				CLANG_WARN_OBJC_ROOT_CLASS = YES_ERROR;
				CLANG_WARN_UNREACHABLE_CODE = YES;
				CLANG_WARN__DUPLICATE_METHOD_MATCH = YES;
				"CODE_SIGN_IDENTITY[sdk=iphoneos*]" = "iPhone Developer";
				COPY_PHASE_STRIP = NO;
				DEBUG_INFORMATION_FORMAT = dwarf;
				ENABLE_STRICT_OBJC_MSGSEND = YES;
				ENABLE_TESTABILITY = YES;
				GCC_C_LANGUAGE_STANDARD = gnu99;
				GCC_DYNAMIC_NO_PIC = NO;
				GCC_NO_COMMON_BLOCKS = YES;
				GCC_OPTIMIZATION_LEVEL = 0;
				GCC_PREPROCESSOR_DEFINITIONS = (
					"DEBUG=1",
					"$(inherited)",
				);
				GCC_WARN_64_TO_32_BIT_CONVERSION = YES;
				GCC_WARN_ABOUT_RETURN_TYPE = YES_ERROR;
				GCC_WARN_UNDECLARED_SELECTOR = YES;
				GCC_WARN_UNINITIALIZED_AUTOS = YES_AGGRESSIVE;
				GCC_WARN_UNUSED_FUNCTION = YES;
				GCC_WARN_UNUSED_VARIABLE = YES;
				IPHONEOS_DEPLOYMENT_TARGET = 9.0;
				MTL_ENABLE_DEBUG_INFO = YES;
				ONLY_ACTIVE_ARCH = YES;
				SDKROOT = iphoneos;
				TARGETED_DEVICE_FAMILY = "1,2";
			};
			name = Debug;
		};
		9AEE61D61C607B150049335C /* Release */ = {
			isa = XCBuildConfiguration;
			buildSettings = {
				ALWAYS_SEARCH_USER_PATHS = NO;
				CLANG_CXX_LANGUAGE_STANDARD = "gnu++0x";
				CLANG_CXX_LIBRARY = "libc++";
				CLANG_ENABLE_MODULES = YES;
				CLANG_ENABLE_OBJC_ARC = YES;
				CLANG_WARN_BOOL_CONVERSION = YES;
				CLANG_WARN_CONSTANT_CONVERSION = YES;
				CLANG_WARN_DIRECT_OBJC_ISA_USAGE = YES_ERROR;
				CLANG_WARN_EMPTY_BODY = YES;
				CLANG_WARN_ENUM_CONVERSION = YES;
				CLANG_WARN_INT_CONVERSION = YES;
				CLANG_WARN_OBJC_ROOT_CLASS = YES_ERROR;
				CLANG_WARN_UNREACHABLE_CODE = YES;
				CLANG_WARN__DUPLICATE_METHOD_MATCH = YES;
				"CODE_SIGN_IDENTITY[sdk=iphoneos*]" = "iPhone Developer";
				COPY_PHASE_STRIP = NO;
				DEBUG_INFORMATION_FORMAT = "dwarf-with-dsym";
				ENABLE_NS_ASSERTIONS = NO;
				ENABLE_STRICT_OBJC_MSGSEND = YES;
				GCC_C_LANGUAGE_STANDARD = gnu99;
				GCC_NO_COMMON_BLOCKS = YES;
				GCC_WARN_64_TO_32_BIT_CONVERSION = YES;
				GCC_WARN_ABOUT_RETURN_TYPE = YES_ERROR;
				GCC_WARN_UNDECLARED_SELECTOR = YES;
				GCC_WARN_UNINITIALIZED_AUTOS = YES_AGGRESSIVE;
				GCC_WARN_UNUSED_FUNCTION = YES;
				GCC_WARN_UNUSED_VARIABLE = YES;
				IPHONEOS_DEPLOYMENT_TARGET = 9.0;
				MTL_ENABLE_DEBUG_INFO = NO;
				SDKROOT = iphoneos;
				TARGETED_DEVICE_FAMILY = "1,2";
				VALIDATE_PRODUCT = YES;
			};
			name = Release;
		};
		9AEE61D81C607B150049335C /* Debug */ = {
			isa = XCBuildConfiguration;
			baseConfigurationReference = ECBE0565469B5C113C407217 /* Pods.debug.xcconfig */;
			buildSettings = {
				ASSETCATALOG_COMPILER_APPICON_NAME = AppIcon;
				ASSETCATALOG_COMPILER_LAUNCHIMAGE_NAME = LaunchImage;
				CODE_SIGN_IDENTITY = "iPhone Developer";
				FRAMEWORK_SEARCH_PATHS = (
					"$(inherited)",
					"$(PROJECT_DIR)/LCIMKit/Class/Tool/Vendor/VoiceLib",
				);
				INFOPLIST_FILE = "$(SRCROOT)/Example/Class/Module/Other/Info.plist";
				IPHONEOS_DEPLOYMENT_TARGET = 7.0;
				LD_RUNPATH_SEARCH_PATHS = "$(inherited) @executable_path/Frameworks";
				LIBRARY_SEARCH_PATHS = "$(inherited)";
				PRODUCT_BUNDLE_IDENTIFIER = "ElonChan.LeanCloudIMKit-iOS";
				PRODUCT_NAME = "$(TARGET_NAME)";
			};
			name = Debug;
		};
		9AEE61D91C607B150049335C /* Release */ = {
			isa = XCBuildConfiguration;
			baseConfigurationReference = 19D15C89E9A800BC9D6889DF /* Pods.release.xcconfig */;
			buildSettings = {
				ASSETCATALOG_COMPILER_APPICON_NAME = AppIcon;
				ASSETCATALOG_COMPILER_LAUNCHIMAGE_NAME = LaunchImage;
				CODE_SIGN_IDENTITY = "iPhone Developer";
				FRAMEWORK_SEARCH_PATHS = (
					"$(inherited)",
					"$(PROJECT_DIR)/LCIMKit/Class/Tool/Vendor/VoiceLib",
				);
				INFOPLIST_FILE = "$(SRCROOT)/Example/Class/Module/Other/Info.plist";
				IPHONEOS_DEPLOYMENT_TARGET = 7.0;
				LD_RUNPATH_SEARCH_PATHS = "$(inherited) @executable_path/Frameworks";
				LIBRARY_SEARCH_PATHS = "$(inherited)";
				PRODUCT_BUNDLE_IDENTIFIER = "ElonChan.LeanCloudIMKit-iOS";
				PRODUCT_NAME = "$(TARGET_NAME)";
			};
			name = Release;
		};
/* End XCBuildConfiguration section */

/* Begin XCConfigurationList section */
		9AEE61BB1C607B150049335C /* Build configuration list for PBXProject "LeanCloudIMKit-iOS" */ = {
			isa = XCConfigurationList;
			buildConfigurations = (
				9AEE61D51C607B150049335C /* Debug */,
				9AEE61D61C607B150049335C /* Release */,
			);
			defaultConfigurationIsVisible = 0;
			defaultConfigurationName = Release;
		};
		9AEE61D71C607B150049335C /* Build configuration list for PBXNativeTarget "LeanCloudIMKit-iOS" */ = {
			isa = XCConfigurationList;
			buildConfigurations = (
				9AEE61D81C607B150049335C /* Debug */,
				9AEE61D91C607B150049335C /* Release */,
			);
			defaultConfigurationIsVisible = 0;
			defaultConfigurationName = Release;
		};
/* End XCConfigurationList section */
	};
	rootObject = 9AEE61B81C607B150049335C /* Project object */;
}
