PODS:
  - AVOSCloud (8.0.4)
  - AVOSCloudIM (8.0.4):
    - AVOSCloud (= 8.0.4)
    - AVOSCloudIM/_ARC (= 8.0.4)
    - AVOSCloudIM/_NOARC (= 8.0.4)
  - AVOSCloudIM/_ARC (8.0.4):
    - AVOSCloud (= 8.0.4)
    - AVOSCloudIM/_NOARC (= 8.0.4)
  - AVOSCloudIM/_NOARC (8.0.4):
    - AVOSCloud (= 8.0.4)
  - ChatKit (2.0.0):
    - AVOSCloud (~> 8.0.4)
    - AVOSCloudIM (~> 8.0.4)
    - CYLDeallocBlockExecutor (~> 1.1.2)
    - DACircularProgress (~> 2.3.1)
    - FDStackView (~> 1.0)
    - FMDB (~> 2.6.2)
    - Masonry (~> 1.0.1)
    - MJRefresh (~> 3.1.9)
    - MLLabel (~> 1.9.2)
    - MWPhotoBrowser (~> 2.1.2)
    - pop (~> 1.0.9)
    - SDWebImage (~> 3.8.0)
    - UITableView+FDTemplateLayoutCell (~> 1.5.beta)
  - CYLDeallocBlockExecutor (1.1.2)
  - CYLTabBarController (1.9.0)
  - DACircularProgress (2.3.1)
  - FDStackView (1.0)
  - FMDB (2.6.2):
    - FMDB/standard (= 2.6.2)
  - FMDB/standard (2.6.2)
  - FTPopOverMenu (1.3.2)
  - FXForms (1.2.14)
  - Masonry (1.0.2)
  - MBProgressHUD (0.9.2)
  - MJRefresh (3.1.15.1)
  - MLLabel (1.9.2)
  - MLPAutoCompleteTextField (1.5)
  - MWPhotoBrowser (2.1.2):
    - DACircularProgress (~> 2.3)
    - MBProgressHUD (~> 0.9)
    - SDWebImage (!= 3.7.2, ~> 3.7)
  - pop (1.0.10)
  - RedPacketAlipay (15.0.2)
  - RedpacketLib (3.4.1):
    - RedPacketAlipay
  - SDWebImage (3.8.2):
    - SDWebImage/Core (= 3.8.2)
  - SDWebImage/Core (3.8.2)
  - TWMessageBarManager (1.8.1)
  - UITableView+FDTemplateLayoutCell (1.6)

DEPENDENCIES:
  - ChatKit (from `../`)
  - CYLTabBarController (= 1.9.0)
  - FTPopOverMenu (= 1.3.2)
  - FXForms (= 1.2.14)
  - MLPAutoCompleteTextField (= 1.5)
  - RedpacketLib (= 3.4.1)
  - TWMessageBarManager (= 1.8.1)

EXTERNAL SOURCES:
  ChatKit:
    :path: ../

SPEC CHECKSUMS:
  AVOSCloud: 645f20b77cdcc0622a45c663c1a5735a17d1df27
  AVOSCloudIM: 182e93f9e6e3ad165c6fd67d8c01d15f561a7538
  ChatKit: 5c1e12b04919974ed4eeb7455d45861d99212390
  CYLDeallocBlockExecutor: ecf39e45dcead9e120f460df5668b8f5093d178e
  CYLTabBarController: 8d99fccf22866fe18c978c5ff863dc6051da45ff
  DACircularProgress: 4dd437c0fc3da5161cb289e07ac449493d41db71
  FDStackView: 3a4bbe0ce9c35e974246a585168b9da8c32213f1
  FMDB: 854a0341b4726e53276f2a8996f06f1b80f9259a
  FTPopOverMenu: 4b412a331990fc1169c50104f1aa44b8cd4c5c4a
  FXForms: 724500c0c3f3eb3ba1004b3b83abcee55d3daf18
  Masonry: 7c429b56da9d4ee0bbb3ed77a5ea710d6a5df39e
  MBProgressHUD: 1569cf7ace17a8bac47aabfbb8580a49690386d1
  MJRefresh: 5f8552bc25ca8751c010f621c1098dbdaacbccd6
  MLLabel: df58127ce0bd1f87890ecc3232db77a85ce4cd97
  MLPAutoCompleteTextField: ba4d507bbff2bd4f139d4197814fc8dd39caf77e
  MWPhotoBrowser: 5836d7aa041dc05a13de380c246826578adc5ea5
  pop: 82ca6b068ce9278fd350fd9dd09482a0ce9492e6
  RedPacketAlipay: a5de6db2e2671fc9255d6d396be869e3ba2f0489
  RedpacketLib: e15853d93ac35141a1247b6ad79d6acb731d8704
  SDWebImage: 098e97e6176540799c27e804c96653ee0833d13c
  TWMessageBarManager: fd84e7948ba7968a2b5d9454859135761214ec56
  UITableView+FDTemplateLayoutCell: 5c949b4a5059c404b442926c0e80f81d10a2d66f

PODFILE CHECKSUM: 0c9077ef2ff9a92e0adcca86bcabd425df220379

COCOAPODS: 1.3.1
